// !$*UTF8*$!
{
	archiveVersion = 1;
	classes = {
	};
	objectVersion = 50;
	objects = {

/* Begin PBXBuildFile section */
		2F1F8F9A0EF7FF04DA8BFDB7 /* Pods_MVVMRxSwift.framework in Frameworks */ = {isa = PBXBuildFile; fileRef = F969EB09BE7FD9B6A6563F56 /* Pods_MVVMRxSwift.framework */; };
		643D9894215A3AA100A4EFA2 /* AppDelegate.swift in Sources */ = {isa = PBXBuildFile; fileRef = 643D9893215A3AA100A4EFA2 /* AppDelegate.swift */; };
		643D989B215A3AA300A4EFA2 /* Assets.xcassets in Resources */ = {isa = PBXBuildFile; fileRef = 643D989A215A3AA300A4EFA2 /* Assets.xcassets */; };
		643D989E215A3AA300A4EFA2 /* LaunchScreen.storyboard in Resources */ = {isa = PBXBuildFile; fileRef = 643D989C215A3AA300A4EFA2 /* LaunchScreen.storyboard */; };
		643D98A9215A3AA300A4EFA2 /* MVVMRxSwiftTests.swift in Sources */ = {isa = PBXBuildFile; fileRef = 643D98A8215A3AA300A4EFA2 /* MVVMRxSwiftTests.swift */; };
		643D98B4215A3AA300A4EFA2 /* MVVMRxSwiftUITests.swift in Sources */ = {isa = PBXBuildFile; fileRef = 643D98B3215A3AA300A4EFA2 /* MVVMRxSwiftUITests.swift */; };
		643D98D2215A3BCD00A4EFA2 /* BindingExtensions.swift in Sources */ = {isa = PBXBuildFile; fileRef = 643D98C8215A3BCD00A4EFA2 /* BindingExtensions.swift */; };
		643D98D6215A3BCD00A4EFA2 /* ValidationService.swift in Sources */ = {isa = PBXBuildFile; fileRef = 643D98CD215A3BCD00A4EFA2 /* ValidationService.swift */; };
		679DC55721EE5434000BDCB2 /* ItemDetailsViewController.storyboard in Resources */ = {isa = PBXBuildFile; fileRef = 679DC55621EE5434000BDCB2 /* ItemDetailsViewController.storyboard */; };
		679DC55921EE555E000BDCB2 /* Storyboard+Ext.swift in Sources */ = {isa = PBXBuildFile; fileRef = 679DC55821EE555E000BDCB2 /* Storyboard+Ext.swift */; };
		679DC55B21EE5CE9000BDCB2 /* ItemsViewController.storyboard in Resources */ = {isa = PBXBuildFile; fileRef = 679DC55A21EE5CE9000BDCB2 /* ItemsViewController.storyboard */; };
		679DC56B21EF01DA000BDCB2 /* ApplicationCoordinator.swift in Sources */ = {isa = PBXBuildFile; fileRef = 679DC56721EF01DA000BDCB2 /* ApplicationCoordinator.swift */; };
		679DC56C21EF01DA000BDCB2 /* Coordinator.swift in Sources */ = {isa = PBXBuildFile; fileRef = 679DC56821EF01DA000BDCB2 /* Coordinator.swift */; };
		679DC56D21EF01DA000BDCB2 /* ItemDetailsCoordinator.swift in Sources */ = {isa = PBXBuildFile; fileRef = 679DC56921EF01DA000BDCB2 /* ItemDetailsCoordinator.swift */; };
		679DC56E21EF01DA000BDCB2 /* ItemsListCoordinator.swift in Sources */ = {isa = PBXBuildFile; fileRef = 679DC56A21EF01DA000BDCB2 /* ItemsListCoordinator.swift */; };
		67F8598721E927EC00A1953B /* RMAlbum.swift in Sources */ = {isa = PBXBuildFile; fileRef = 67F8598621E927EC00A1953B /* RMAlbum.swift */; };
		67F8599221E9369600A1953B /* Realm+Ext.swift in Sources */ = {isa = PBXBuildFile; fileRef = 67F8599121E9369600A1953B /* Realm+Ext.swift */; };
		67F8599F21EA6BFE00A1953B /* UIViewController+Ext.swift in Sources */ = {isa = PBXBuildFile; fileRef = 67F8599B21EA6BFE00A1953B /* UIViewController+Ext.swift */; };
		67F859A021EA6BFE00A1953B /* Observable+Ext.swift in Sources */ = {isa = PBXBuildFile; fileRef = 67F8599C21EA6BFE00A1953B /* Observable+Ext.swift */; };
		67F859A221EA6BFE00A1953B /* UIAlertController+Additions.swift in Sources */ = {isa = PBXBuildFile; fileRef = 67F8599E21EA6BFE00A1953B /* UIAlertController+Additions.swift */; };
		67F859A721EA707000A1953B /* Localizable.strings in Resources */ = {isa = PBXBuildFile; fileRef = 67F859A921EA707000A1953B /* Localizable.strings */; };
		67F859F121ED064600A1953B /* DetailsServiceMock.swift in Sources */ = {isa = PBXBuildFile; fileRef = 67F859F021ED064600A1953B /* DetailsServiceMock.swift */; };
		67F85A0C21ED265D00A1953B /* URLRequestCreator.swift in Sources */ = {isa = PBXBuildFile; fileRef = 67F85A0321ED265D00A1953B /* URLRequestCreator.swift */; };
		67F85A0D21ED265D00A1953B /* ReachabilityManager.swift in Sources */ = {isa = PBXBuildFile; fileRef = 67F85A0421ED265D00A1953B /* ReachabilityManager.swift */; };
		67F85A0E21ED265D00A1953B /* Error.swift in Sources */ = {isa = PBXBuildFile; fileRef = 67F85A0521ED265D00A1953B /* Error.swift */; };
		67F85A0F21ED265D00A1953B /* ErrorMessage.swift in Sources */ = {isa = PBXBuildFile; fileRef = 67F85A0621ED265D00A1953B /* ErrorMessage.swift */; };
		67F85A1321ED265D00A1953B /* Configuration.swift in Sources */ = {isa = PBXBuildFile; fileRef = 67F85A0B21ED265D00A1953B /* Configuration.swift */; };
		67F85A1521ED26A400A1953B /* Network.swift in Sources */ = {isa = PBXBuildFile; fileRef = 67F85A1421ED26A400A1953B /* Network.swift */; };
		67F85A1721ED299300A1953B /* RealmStore.swift in Sources */ = {isa = PBXBuildFile; fileRef = 67F85A1621ED299300A1953B /* RealmStore.swift */; };
		67F85A1921ED4AAA00A1953B /* HTTPClient.swift in Sources */ = {isa = PBXBuildFile; fileRef = 67F85A1821ED4AAA00A1953B /* HTTPClient.swift */; };
		67F85A1D21EE45DE00A1953B /* ItemsViewController.swift in Sources */ = {isa = PBXBuildFile; fileRef = 67F85A1C21EE45DE00A1953B /* ItemsViewController.swift */; };
		67F85A1F21EE463600A1953B /* ItemsViewModel.swift in Sources */ = {isa = PBXBuildFile; fileRef = 67F85A1E21EE463600A1953B /* ItemsViewModel.swift */; };
		67F85A2121EE46AD00A1953B /* ItemsTableCell.swift in Sources */ = {isa = PBXBuildFile; fileRef = 67F85A2021EE46AD00A1953B /* ItemsTableCell.swift */; };
		67F85A2321EE475700A1953B /* ItemDetailsViewController.swift in Sources */ = {isa = PBXBuildFile; fileRef = 67F85A2221EE475700A1953B /* ItemDetailsViewController.swift */; };
		67F85A2521EE47B300A1953B /* ItemActionViewModel.swift in Sources */ = {isa = PBXBuildFile; fileRef = 67F85A2421EE47B300A1953B /* ItemActionViewModel.swift */; };
		67F85A2721EE481200A1953B /* AddItemViewModel.swift in Sources */ = {isa = PBXBuildFile; fileRef = 67F85A2621EE481200A1953B /* AddItemViewModel.swift */; };
		67F85A2921EE485B00A1953B /* UpdateItemViewModel.swift in Sources */ = {isa = PBXBuildFile; fileRef = 67F85A2821EE485B00A1953B /* UpdateItemViewModel.swift */; };
		A695B4B835A74D8812D74545 /* Pods_MVVMRxSwiftUITests.framework in Frameworks */ = {isa = PBXBuildFile; fileRef = 8CFCBDCC6C9CA67B300BDF55 /* Pods_MVVMRxSwiftUITests.framework */; };
		C3034B1D244935A926146E10 /* Pods_MVVMRxSwiftTests.framework in Frameworks */ = {isa = PBXBuildFile; fileRef = D0A70FE24B059C46B8B026E1 /* Pods_MVVMRxSwiftTests.framework */; };
		D31284D921EE0EFB006E2FDF /* DependanciesProvider.swift in Sources */ = {isa = PBXBuildFile; fileRef = D31284D821EE0EFB006E2FDF /* DependanciesProvider.swift */; };
		D31284E421EE0FFC006E2FDF /* ListInteractor.swift in Sources */ = {isa = PBXBuildFile; fileRef = D31284DF21EE0FFC006E2FDF /* ListInteractor.swift */; };
		D31284E521EE0FFC006E2FDF /* DeleteInteractor.swift in Sources */ = {isa = PBXBuildFile; fileRef = D31284E021EE0FFC006E2FDF /* DeleteInteractor.swift */; };
		D31284F221EE1045006E2FDF /* UpdateInteractor.swift in Sources */ = {isa = PBXBuildFile; fileRef = D31284EC21EE1045006E2FDF /* UpdateInteractor.swift */; };
		D31284F321EE1045006E2FDF /* AddInteractor.swift in Sources */ = {isa = PBXBuildFile; fileRef = D31284ED21EE1045006E2FDF /* AddInteractor.swift */; };
		D31284FB21EE2BD5006E2FDF /* Repository.swift in Sources */ = {isa = PBXBuildFile; fileRef = D31284F721EE2BD5006E2FDF /* Repository.swift */; };
		D31284FC21EE2BD5006E2FDF /* Album+Mapping.swift in Sources */ = {isa = PBXBuildFile; fileRef = D31284F921EE2BD5006E2FDF /* Album+Mapping.swift */; };
		D31284FD21EE2BD5006E2FDF /* Album.swift in Sources */ = {isa = PBXBuildFile; fileRef = D31284FA21EE2BD5006E2FDF /* Album.swift */; };
		D3536B6621EDF5720020B294 /* Service.swift in Sources */ = {isa = PBXBuildFile; fileRef = D3536B6521EDF5720020B294 /* Service.swift */; };
/* End PBXBuildFile section */

/* Begin PBXContainerItemProxy section */
		643D98A5215A3AA300A4EFA2 /* PBXContainerItemProxy */ = {
			isa = PBXContainerItemProxy;
			containerPortal = 643D9888215A3AA100A4EFA2 /* Project object */;
			proxyType = 1;
			remoteGlobalIDString = 643D988F215A3AA100A4EFA2;
			remoteInfo = MVVMRxSwift;
		};
		643D98B0215A3AA300A4EFA2 /* PBXContainerItemProxy */ = {
			isa = PBXContainerItemProxy;
			containerPortal = 643D9888215A3AA100A4EFA2 /* Project object */;
			proxyType = 1;
			remoteGlobalIDString = 643D988F215A3AA100A4EFA2;
			remoteInfo = MVVMRxSwift;
		};
/* End PBXContainerItemProxy section */

/* Begin PBXFileReference section */
		45D6A2B9660E56B595665903 /* Pods-MVVMRxSwiftTests.release.xcconfig */ = {isa = PBXFileReference; includeInIndex = 1; lastKnownFileType = text.xcconfig; name = "Pods-MVVMRxSwiftTests.release.xcconfig"; path = "Pods/Target Support Files/Pods-MVVMRxSwiftTests/Pods-MVVMRxSwiftTests.release.xcconfig"; sourceTree = "<group>"; };
		4AEBEFA6A5A71237A295F5A7 /* Pods-MVVMRxSwiftUITests.release.xcconfig */ = {isa = PBXFileReference; includeInIndex = 1; lastKnownFileType = text.xcconfig; name = "Pods-MVVMRxSwiftUITests.release.xcconfig"; path = "Pods/Target Support Files/Pods-MVVMRxSwiftUITests/Pods-MVVMRxSwiftUITests.release.xcconfig"; sourceTree = "<group>"; };
		643D9890215A3AA100A4EFA2 /* MVVMRxSwift.app */ = {isa = PBXFileReference; explicitFileType = wrapper.application; includeInIndex = 0; path = MVVMRxSwift.app; sourceTree = BUILT_PRODUCTS_DIR; };
		643D9893215A3AA100A4EFA2 /* AppDelegate.swift */ = {isa = PBXFileReference; lastKnownFileType = sourcecode.swift; path = AppDelegate.swift; sourceTree = "<group>"; };
		643D989A215A3AA300A4EFA2 /* Assets.xcassets */ = {isa = PBXFileReference; lastKnownFileType = folder.assetcatalog; path = Assets.xcassets; sourceTree = "<group>"; };
		643D989D215A3AA300A4EFA2 /* Base */ = {isa = PBXFileReference; lastKnownFileType = file.storyboard; name = Base; path = Base.lproj/LaunchScreen.storyboard; sourceTree = "<group>"; };
		643D989F215A3AA300A4EFA2 /* Info.plist */ = {isa = PBXFileReference; lastKnownFileType = text.plist.xml; path = Info.plist; sourceTree = "<group>"; };
		643D98A4215A3AA300A4EFA2 /* MVVMRxSwiftTests.xctest */ = {isa = PBXFileReference; explicitFileType = wrapper.cfbundle; includeInIndex = 0; path = MVVMRxSwiftTests.xctest; sourceTree = BUILT_PRODUCTS_DIR; };
		643D98A8215A3AA300A4EFA2 /* MVVMRxSwiftTests.swift */ = {isa = PBXFileReference; lastKnownFileType = sourcecode.swift; path = MVVMRxSwiftTests.swift; sourceTree = "<group>"; };
		643D98AA215A3AA300A4EFA2 /* Info.plist */ = {isa = PBXFileReference; lastKnownFileType = text.plist.xml; path = Info.plist; sourceTree = "<group>"; };
		643D98AF215A3AA300A4EFA2 /* MVVMRxSwiftUITests.xctest */ = {isa = PBXFileReference; explicitFileType = wrapper.cfbundle; includeInIndex = 0; path = MVVMRxSwiftUITests.xctest; sourceTree = BUILT_PRODUCTS_DIR; };
		643D98B3215A3AA300A4EFA2 /* MVVMRxSwiftUITests.swift */ = {isa = PBXFileReference; lastKnownFileType = sourcecode.swift; path = MVVMRxSwiftUITests.swift; sourceTree = "<group>"; };
		643D98B5215A3AA300A4EFA2 /* Info.plist */ = {isa = PBXFileReference; lastKnownFileType = text.plist.xml; path = Info.plist; sourceTree = "<group>"; };
		643D98C8215A3BCD00A4EFA2 /* BindingExtensions.swift */ = {isa = PBXFileReference; fileEncoding = 4; lastKnownFileType = sourcecode.swift; path = BindingExtensions.swift; sourceTree = "<group>"; };
		643D98CD215A3BCD00A4EFA2 /* ValidationService.swift */ = {isa = PBXFileReference; fileEncoding = 4; lastKnownFileType = sourcecode.swift; path = ValidationService.swift; sourceTree = "<group>"; };
		64BB29731EB6465DD05DA113 /* Pods-MVVMRxSwiftTests.debug.xcconfig */ = {isa = PBXFileReference; includeInIndex = 1; lastKnownFileType = text.xcconfig; name = "Pods-MVVMRxSwiftTests.debug.xcconfig"; path = "Pods/Target Support Files/Pods-MVVMRxSwiftTests/Pods-MVVMRxSwiftTests.debug.xcconfig"; sourceTree = "<group>"; };
		679DC55621EE5434000BDCB2 /* ItemDetailsViewController.storyboard */ = {isa = PBXFileReference; lastKnownFileType = file.storyboard; path = ItemDetailsViewController.storyboard; sourceTree = "<group>"; };
		679DC55821EE555E000BDCB2 /* Storyboard+Ext.swift */ = {isa = PBXFileReference; fileEncoding = 4; lastKnownFileType = sourcecode.swift; path = "Storyboard+Ext.swift"; sourceTree = "<group>"; };
		679DC55A21EE5CE9000BDCB2 /* ItemsViewController.storyboard */ = {isa = PBXFileReference; lastKnownFileType = file.storyboard; path = ItemsViewController.storyboard; sourceTree = "<group>"; };
		679DC56721EF01DA000BDCB2 /* ApplicationCoordinator.swift */ = {isa = PBXFileReference; fileEncoding = 4; lastKnownFileType = sourcecode.swift; path = ApplicationCoordinator.swift; sourceTree = "<group>"; };
		679DC56821EF01DA000BDCB2 /* Coordinator.swift */ = {isa = PBXFileReference; fileEncoding = 4; lastKnownFileType = sourcecode.swift; path = Coordinator.swift; sourceTree = "<group>"; };
		679DC56921EF01DA000BDCB2 /* ItemDetailsCoordinator.swift */ = {isa = PBXFileReference; fileEncoding = 4; lastKnownFileType = sourcecode.swift; path = ItemDetailsCoordinator.swift; sourceTree = "<group>"; };
		679DC56A21EF01DA000BDCB2 /* ItemsListCoordinator.swift */ = {isa = PBXFileReference; fileEncoding = 4; lastKnownFileType = sourcecode.swift; path = ItemsListCoordinator.swift; sourceTree = "<group>"; };
		67F8598621E927EC00A1953B /* RMAlbum.swift */ = {isa = PBXFileReference; lastKnownFileType = sourcecode.swift; path = RMAlbum.swift; sourceTree = "<group>"; };
		67F8599121E9369600A1953B /* Realm+Ext.swift */ = {isa = PBXFileReference; fileEncoding = 4; lastKnownFileType = sourcecode.swift; path = "Realm+Ext.swift"; sourceTree = "<group>"; };
		67F8599B21EA6BFE00A1953B /* UIViewController+Ext.swift */ = {isa = PBXFileReference; fileEncoding = 4; lastKnownFileType = sourcecode.swift; path = "UIViewController+Ext.swift"; sourceTree = "<group>"; };
		67F8599C21EA6BFE00A1953B /* Observable+Ext.swift */ = {isa = PBXFileReference; fileEncoding = 4; lastKnownFileType = sourcecode.swift; path = "Observable+Ext.swift"; sourceTree = "<group>"; };
		67F8599E21EA6BFE00A1953B /* UIAlertController+Additions.swift */ = {isa = PBXFileReference; fileEncoding = 4; lastKnownFileType = sourcecode.swift; path = "UIAlertController+Additions.swift"; sourceTree = "<group>"; };
		67F859A821EA707000A1953B /* en */ = {isa = PBXFileReference; lastKnownFileType = text.plist.strings; name = en; path = en.lproj/Localizable.strings; sourceTree = "<group>"; };
		67F859F021ED064600A1953B /* DetailsServiceMock.swift */ = {isa = PBXFileReference; fileEncoding = 4; lastKnownFileType = sourcecode.swift; path = DetailsServiceMock.swift; sourceTree = "<group>"; };
		67F85A0321ED265D00A1953B /* URLRequestCreator.swift */ = {isa = PBXFileReference; fileEncoding = 4; lastKnownFileType = sourcecode.swift; path = URLRequestCreator.swift; sourceTree = "<group>"; };
		67F85A0421ED265D00A1953B /* ReachabilityManager.swift */ = {isa = PBXFileReference; fileEncoding = 4; lastKnownFileType = sourcecode.swift; path = ReachabilityManager.swift; sourceTree = "<group>"; };
		67F85A0521ED265D00A1953B /* Error.swift */ = {isa = PBXFileReference; fileEncoding = 4; lastKnownFileType = sourcecode.swift; path = Error.swift; sourceTree = "<group>"; };
		67F85A0621ED265D00A1953B /* ErrorMessage.swift */ = {isa = PBXFileReference; fileEncoding = 4; lastKnownFileType = sourcecode.swift; path = ErrorMessage.swift; sourceTree = "<group>"; };
		67F85A0B21ED265D00A1953B /* Configuration.swift */ = {isa = PBXFileReference; fileEncoding = 4; lastKnownFileType = sourcecode.swift; path = Configuration.swift; sourceTree = "<group>"; };
		67F85A1421ED26A400A1953B /* Network.swift */ = {isa = PBXFileReference; fileEncoding = 4; lastKnownFileType = sourcecode.swift; path = Network.swift; sourceTree = "<group>"; };
		67F85A1621ED299300A1953B /* RealmStore.swift */ = {isa = PBXFileReference; fileEncoding = 4; lastKnownFileType = sourcecode.swift; path = RealmStore.swift; sourceTree = "<group>"; };
		67F85A1821ED4AAA00A1953B /* HTTPClient.swift */ = {isa = PBXFileReference; fileEncoding = 4; lastKnownFileType = sourcecode.swift; path = HTTPClient.swift; sourceTree = "<group>"; };
		67F85A1C21EE45DE00A1953B /* ItemsViewController.swift */ = {isa = PBXFileReference; fileEncoding = 4; lastKnownFileType = sourcecode.swift; path = ItemsViewController.swift; sourceTree = "<group>"; };
		67F85A1E21EE463600A1953B /* ItemsViewModel.swift */ = {isa = PBXFileReference; fileEncoding = 4; lastKnownFileType = sourcecode.swift; path = ItemsViewModel.swift; sourceTree = "<group>"; };
		67F85A2021EE46AD00A1953B /* ItemsTableCell.swift */ = {isa = PBXFileReference; fileEncoding = 4; lastKnownFileType = sourcecode.swift; path = ItemsTableCell.swift; sourceTree = "<group>"; };
		67F85A2221EE475700A1953B /* ItemDetailsViewController.swift */ = {isa = PBXFileReference; fileEncoding = 4; lastKnownFileType = sourcecode.swift; path = ItemDetailsViewController.swift; sourceTree = "<group>"; };
		67F85A2421EE47B300A1953B /* ItemActionViewModel.swift */ = {isa = PBXFileReference; fileEncoding = 4; lastKnownFileType = sourcecode.swift; path = ItemActionViewModel.swift; sourceTree = "<group>"; };
		67F85A2621EE481200A1953B /* AddItemViewModel.swift */ = {isa = PBXFileReference; fileEncoding = 4; lastKnownFileType = sourcecode.swift; path = AddItemViewModel.swift; sourceTree = "<group>"; };
		67F85A2821EE485B00A1953B /* UpdateItemViewModel.swift */ = {isa = PBXFileReference; fileEncoding = 4; lastKnownFileType = sourcecode.swift; path = UpdateItemViewModel.swift; sourceTree = "<group>"; };
		7E2FED9E4C63E487C6E45806 /* Pods-MVVMRxSwift.release.xcconfig */ = {isa = PBXFileReference; includeInIndex = 1; lastKnownFileType = text.xcconfig; name = "Pods-MVVMRxSwift.release.xcconfig"; path = "Pods/Target Support Files/Pods-MVVMRxSwift/Pods-MVVMRxSwift.release.xcconfig"; sourceTree = "<group>"; };
		8CFCBDCC6C9CA67B300BDF55 /* Pods_MVVMRxSwiftUITests.framework */ = {isa = PBXFileReference; explicitFileType = wrapper.framework; includeInIndex = 0; path = Pods_MVVMRxSwiftUITests.framework; sourceTree = BUILT_PRODUCTS_DIR; };
		D0A70FE24B059C46B8B026E1 /* Pods_MVVMRxSwiftTests.framework */ = {isa = PBXFileReference; explicitFileType = wrapper.framework; includeInIndex = 0; path = Pods_MVVMRxSwiftTests.framework; sourceTree = BUILT_PRODUCTS_DIR; };
		D31284D821EE0EFB006E2FDF /* DependanciesProvider.swift */ = {isa = PBXFileReference; fileEncoding = 4; lastKnownFileType = sourcecode.swift; path = DependanciesProvider.swift; sourceTree = "<group>"; };
		D31284DF21EE0FFC006E2FDF /* ListInteractor.swift */ = {isa = PBXFileReference; fileEncoding = 4; lastKnownFileType = sourcecode.swift; path = ListInteractor.swift; sourceTree = "<group>"; };
		D31284E021EE0FFC006E2FDF /* DeleteInteractor.swift */ = {isa = PBXFileReference; fileEncoding = 4; lastKnownFileType = sourcecode.swift; path = DeleteInteractor.swift; sourceTree = "<group>"; };
		D31284EC21EE1045006E2FDF /* UpdateInteractor.swift */ = {isa = PBXFileReference; fileEncoding = 4; lastKnownFileType = sourcecode.swift; path = UpdateInteractor.swift; sourceTree = "<group>"; };
		D31284ED21EE1045006E2FDF /* AddInteractor.swift */ = {isa = PBXFileReference; fileEncoding = 4; lastKnownFileType = sourcecode.swift; path = AddInteractor.swift; sourceTree = "<group>"; };
		D31284F721EE2BD5006E2FDF /* Repository.swift */ = {isa = PBXFileReference; fileEncoding = 4; lastKnownFileType = sourcecode.swift; path = Repository.swift; sourceTree = "<group>"; };
		D31284F921EE2BD5006E2FDF /* Album+Mapping.swift */ = {isa = PBXFileReference; fileEncoding = 4; lastKnownFileType = sourcecode.swift; path = "Album+Mapping.swift"; sourceTree = "<group>"; };
		D31284FA21EE2BD5006E2FDF /* Album.swift */ = {isa = PBXFileReference; fileEncoding = 4; lastKnownFileType = sourcecode.swift; path = Album.swift; sourceTree = "<group>"; };
		D3536B6521EDF5720020B294 /* Service.swift */ = {isa = PBXFileReference; fileEncoding = 4; lastKnownFileType = sourcecode.swift; path = Service.swift; sourceTree = "<group>"; };
		D6BE7B943C5461F25464F50B /* Pods-MVVMRxSwiftUITests.debug.xcconfig */ = {isa = PBXFileReference; includeInIndex = 1; lastKnownFileType = text.xcconfig; name = "Pods-MVVMRxSwiftUITests.debug.xcconfig"; path = "Pods/Target Support Files/Pods-MVVMRxSwiftUITests/Pods-MVVMRxSwiftUITests.debug.xcconfig"; sourceTree = "<group>"; };
		D87E387F3D86026143E90322 /* Pods-MVVMRxSwift.debug.xcconfig */ = {isa = PBXFileReference; includeInIndex = 1; lastKnownFileType = text.xcconfig; name = "Pods-MVVMRxSwift.debug.xcconfig"; path = "Pods/Target Support Files/Pods-MVVMRxSwift/Pods-MVVMRxSwift.debug.xcconfig"; sourceTree = "<group>"; };
		F969EB09BE7FD9B6A6563F56 /* Pods_MVVMRxSwift.framework */ = {isa = PBXFileReference; explicitFileType = wrapper.framework; includeInIndex = 0; path = Pods_MVVMRxSwift.framework; sourceTree = BUILT_PRODUCTS_DIR; };
/* End PBXFileReference section */

/* Begin PBXFrameworksBuildPhase section */
		643D988D215A3AA100A4EFA2 /* Frameworks */ = {
			isa = PBXFrameworksBuildPhase;
			buildActionMask = 2147483647;
			files = (
				2F1F8F9A0EF7FF04DA8BFDB7 /* Pods_MVVMRxSwift.framework in Frameworks */,
			);
			runOnlyForDeploymentPostprocessing = 0;
		};
		643D98A1215A3AA300A4EFA2 /* Frameworks */ = {
			isa = PBXFrameworksBuildPhase;
			buildActionMask = 2147483647;
			files = (
				C3034B1D244935A926146E10 /* Pods_MVVMRxSwiftTests.framework in Frameworks */,
			);
			runOnlyForDeploymentPostprocessing = 0;
		};
		643D98AC215A3AA300A4EFA2 /* Frameworks */ = {
			isa = PBXFrameworksBuildPhase;
			buildActionMask = 2147483647;
			files = (
				A695B4B835A74D8812D74545 /* Pods_MVVMRxSwiftUITests.framework in Frameworks */,
			);
			runOnlyForDeploymentPostprocessing = 0;
		};
/* End PBXFrameworksBuildPhase section */

/* Begin PBXGroup section */
		643D9887215A3AA100A4EFA2 = {
			isa = PBXGroup;
			children = (
				643D9892215A3AA100A4EFA2 /* MVVMRxSwift */,
				643D98A7215A3AA300A4EFA2 /* MVVMRxSwiftTests */,
				643D98B2215A3AA300A4EFA2 /* MVVMRxSwiftUITests */,
				643D9891215A3AA100A4EFA2 /* Products */,
				72353D762E6C8B85537E306D /* Pods */,
				9B4E60C117B586C56C0BA11F /* Frameworks */,
			);
			sourceTree = "<group>";
		};
		643D9891215A3AA100A4EFA2 /* Products */ = {
			isa = PBXGroup;
			children = (
				643D9890215A3AA100A4EFA2 /* MVVMRxSwift.app */,
				643D98A4215A3AA300A4EFA2 /* MVVMRxSwiftTests.xctest */,
				643D98AF215A3AA300A4EFA2 /* MVVMRxSwiftUITests.xctest */,
			);
			name = Products;
			sourceTree = "<group>";
		};
		643D9892215A3AA100A4EFA2 /* MVVMRxSwift */ = {
			isa = PBXGroup;
			children = (
				679DC56621EF01B8000BDCB2 /* Coordinators */,
				643D98C1215A3B4300A4EFA2 /* ViewControllers */,
				67F8598121E91FCF00A1953B /* Data */,
				67F85A0221ED265D00A1953B /* Network */,
				643D98E7215A3C4000A4EFA2 /* Storage */,
				D3536B3C21EC92C70020B294 /* Mocks */,
				643D98E1215A3C4000A4EFA2 /* Helpers */,
				643D9893215A3AA100A4EFA2 /* AppDelegate.swift */,
				643D989C215A3AA300A4EFA2 /* LaunchScreen.storyboard */,
				643D989A215A3AA300A4EFA2 /* Assets.xcassets */,
				643D989F215A3AA300A4EFA2 /* Info.plist */,
				67F859A921EA707000A1953B /* Localizable.strings */,
			);
			path = MVVMRxSwift;
			sourceTree = "<group>";
		};
		643D98A7215A3AA300A4EFA2 /* MVVMRxSwiftTests */ = {
			isa = PBXGroup;
			children = (
				643D98A8215A3AA300A4EFA2 /* MVVMRxSwiftTests.swift */,
				643D98AA215A3AA300A4EFA2 /* Info.plist */,
			);
			path = MVVMRxSwiftTests;
			sourceTree = "<group>";
		};
		643D98B2215A3AA300A4EFA2 /* MVVMRxSwiftUITests */ = {
			isa = PBXGroup;
			children = (
				643D98B3215A3AA300A4EFA2 /* MVVMRxSwiftUITests.swift */,
				643D98B5215A3AA300A4EFA2 /* Info.plist */,
			);
			path = MVVMRxSwiftUITests;
			sourceTree = "<group>";
		};
		643D98C1215A3B4300A4EFA2 /* ViewControllers */ = {
			isa = PBXGroup;
			children = (
				D31284D821EE0EFB006E2FDF /* DependanciesProvider.swift */,
				D31284DA21EE0FFC006E2FDF /* ItemsList */,
				D31284E621EE1045006E2FDF /* ItemDetails */,
				643D98C8215A3BCD00A4EFA2 /* BindingExtensions.swift */,
				643D98CD215A3BCD00A4EFA2 /* ValidationService.swift */,
			);
			path = ViewControllers;
			sourceTree = "<group>";
		};
		643D98E1215A3C4000A4EFA2 /* Helpers */ = {
			isa = PBXGroup;
			children = (
				67F8599B21EA6BFE00A1953B /* UIViewController+Ext.swift */,
				67F8599C21EA6BFE00A1953B /* Observable+Ext.swift */,
				67F8599121E9369600A1953B /* Realm+Ext.swift */,
				67F8599E21EA6BFE00A1953B /* UIAlertController+Additions.swift */,
				679DC55821EE555E000BDCB2 /* Storyboard+Ext.swift */,
			);
			path = Helpers;
			sourceTree = "<group>";
		};
		643D98E7215A3C4000A4EFA2 /* Storage */ = {
			isa = PBXGroup;
			children = (
				67F85A1621ED299300A1953B /* RealmStore.swift */,
			);
			path = Storage;
			sourceTree = "<group>";
		};
		679DC56621EF01B8000BDCB2 /* Coordinators */ = {
			isa = PBXGroup;
			children = (
				679DC56821EF01DA000BDCB2 /* Coordinator.swift */,
				679DC56721EF01DA000BDCB2 /* ApplicationCoordinator.swift */,
				679DC56A21EF01DA000BDCB2 /* ItemsListCoordinator.swift */,
				679DC56921EF01DA000BDCB2 /* ItemDetailsCoordinator.swift */,
			);
			path = Coordinators;
			sourceTree = "<group>";
		};
		67F8598121E91FCF00A1953B /* Data */ = {
			isa = PBXGroup;
			children = (
				D31284F421EE2BD5006E2FDF /* Repository */,
				67F8598221E91FD900A1953B /* Realm */,
			);
			path = Data;
			sourceTree = "<group>";
		};
		67F8598221E91FD900A1953B /* Realm */ = {
			isa = PBXGroup;
			children = (
				67F8598521E927A500A1953B /* Album */,
				67F85A0121ED11CF00A1953B /* Post */,
				67F85A0021ED11CB00A1953B /* Comment */,
			);
			path = Realm;
			sourceTree = "<group>";
		};
		67F8598521E927A500A1953B /* Album */ = {
			isa = PBXGroup;
			children = (
				67F8598621E927EC00A1953B /* RMAlbum.swift */,
			);
			path = Album;
			sourceTree = "<group>";
		};
		67F85A0021ED11CB00A1953B /* Comment */ = {
			isa = PBXGroup;
			children = (
			);
			path = Comment;
			sourceTree = "<group>";
		};
		67F85A0121ED11CF00A1953B /* Post */ = {
			isa = PBXGroup;
			children = (
			);
			path = Post;
			sourceTree = "<group>";
		};
		67F85A0221ED265D00A1953B /* Network */ = {
			isa = PBXGroup;
			children = (
				67F85A0921ED265D00A1953B /* Services */,
				67F85A1421ED26A400A1953B /* Network.swift */,
				67F85A1821ED4AAA00A1953B /* HTTPClient.swift */,
				67F85A0321ED265D00A1953B /* URLRequestCreator.swift */,
				67F85A0521ED265D00A1953B /* Error.swift */,
				67F85A0B21ED265D00A1953B /* Configuration.swift */,
				67F85A0421ED265D00A1953B /* ReachabilityManager.swift */,
				67F85A0621ED265D00A1953B /* ErrorMessage.swift */,
			);
			path = Network;
			sourceTree = "<group>";
		};
		67F85A0921ED265D00A1953B /* Services */ = {
			isa = PBXGroup;
			children = (
				D3536B6521EDF5720020B294 /* Service.swift */,
			);
			path = Services;
			sourceTree = "<group>";
		};
		72353D762E6C8B85537E306D /* Pods */ = {
			isa = PBXGroup;
			children = (
				D87E387F3D86026143E90322 /* Pods-MVVMRxSwift.debug.xcconfig */,
				7E2FED9E4C63E487C6E45806 /* Pods-MVVMRxSwift.release.xcconfig */,
				64BB29731EB6465DD05DA113 /* Pods-MVVMRxSwiftTests.debug.xcconfig */,
				45D6A2B9660E56B595665903 /* Pods-MVVMRxSwiftTests.release.xcconfig */,
				D6BE7B943C5461F25464F50B /* Pods-MVVMRxSwiftUITests.debug.xcconfig */,
				4AEBEFA6A5A71237A295F5A7 /* Pods-MVVMRxSwiftUITests.release.xcconfig */,
			);
			name = Pods;
			sourceTree = "<group>";
		};
		9B4E60C117B586C56C0BA11F /* Frameworks */ = {
			isa = PBXGroup;
			children = (
				F969EB09BE7FD9B6A6563F56 /* Pods_MVVMRxSwift.framework */,
				D0A70FE24B059C46B8B026E1 /* Pods_MVVMRxSwiftTests.framework */,
				8CFCBDCC6C9CA67B300BDF55 /* Pods_MVVMRxSwiftUITests.framework */,
			);
			name = Frameworks;
			sourceTree = "<group>";
		};
		D31284DA21EE0FFC006E2FDF /* ItemsList */ = {
			isa = PBXGroup;
			children = (
				D31284DE21EE0FFC006E2FDF /* Interactors */,
				67F85A1C21EE45DE00A1953B /* ItemsViewController.swift */,
				67F85A1E21EE463600A1953B /* ItemsViewModel.swift */,
				67F85A2021EE46AD00A1953B /* ItemsTableCell.swift */,
				679DC55A21EE5CE9000BDCB2 /* ItemsViewController.storyboard */,
			);
			path = ItemsList;
			sourceTree = "<group>";
		};
		D31284DE21EE0FFC006E2FDF /* Interactors */ = {
			isa = PBXGroup;
			children = (
				D31284DF21EE0FFC006E2FDF /* ListInteractor.swift */,
				D31284E021EE0FFC006E2FDF /* DeleteInteractor.swift */,
			);
			path = Interactors;
			sourceTree = "<group>";
		};
		D31284E621EE1045006E2FDF /* ItemDetails */ = {
			isa = PBXGroup;
			children = (
				D31284EB21EE1045006E2FDF /* Interactors */,
				67F85A2221EE475700A1953B /* ItemDetailsViewController.swift */,
				67F85A2421EE47B300A1953B /* ItemActionViewModel.swift */,
				67F85A2621EE481200A1953B /* AddItemViewModel.swift */,
				67F85A2821EE485B00A1953B /* UpdateItemViewModel.swift */,
				679DC55621EE5434000BDCB2 /* ItemDetailsViewController.storyboard */,
			);
			path = ItemDetails;
			sourceTree = "<group>";
		};
		D31284EB21EE1045006E2FDF /* Interactors */ = {
			isa = PBXGroup;
			children = (
				D31284EC21EE1045006E2FDF /* UpdateInteractor.swift */,
				D31284ED21EE1045006E2FDF /* AddInteractor.swift */,
			);
			path = Interactors;
			sourceTree = "<group>";
		};
		D31284F421EE2BD5006E2FDF /* Repository */ = {
			isa = PBXGroup;
			children = (
				D31284F721EE2BD5006E2FDF /* Repository.swift */,
				D31284F821EE2BD5006E2FDF /* Album */,
				D31284F521EE2BD5006E2FDF /* Post */,
				D31284F621EE2BD5006E2FDF /* Comment */,
			);
			path = Repository;
			sourceTree = "<group>";
		};
		D31284F521EE2BD5006E2FDF /* Post */ = {
			isa = PBXGroup;
			children = (
			);
			path = Post;
			sourceTree = "<group>";
		};
		D31284F621EE2BD5006E2FDF /* Comment */ = {
			isa = PBXGroup;
			children = (
			);
			path = Comment;
			sourceTree = "<group>";
		};
		D31284F821EE2BD5006E2FDF /* Album */ = {
			isa = PBXGroup;
			children = (
				D31284F921EE2BD5006E2FDF /* Album+Mapping.swift */,
				D31284FA21EE2BD5006E2FDF /* Album.swift */,
			);
			path = Album;
			sourceTree = "<group>";
		};
		D3536B3C21EC92C70020B294 /* Mocks */ = {
			isa = PBXGroup;
			children = (
				67F859F021ED064600A1953B /* DetailsServiceMock.swift */,
			);
			path = Mocks;
			sourceTree = "<group>";
		};
/* End PBXGroup section */

/* Begin PBXNativeTarget section */
		643D988F215A3AA100A4EFA2 /* MVVMRxSwift */ = {
			isa = PBXNativeTarget;
			buildConfigurationList = 643D98B8215A3AA300A4EFA2 /* Build configuration list for PBXNativeTarget "MVVMRxSwift" */;
			buildPhases = (
				30359D76394D26C226CAC3AB /* [CP] Check Pods Manifest.lock */,
				643D988C215A3AA100A4EFA2 /* Sources */,
				643D988D215A3AA100A4EFA2 /* Frameworks */,
				643D988E215A3AA100A4EFA2 /* Resources */,
				BEA09405CA021445CC032B8B /* [CP] Embed Pods Frameworks */,
				1696378F53361C77DA3CD1A2 /* [CP] Copy Pods Resources */,
			);
			buildRules = (
			);
			dependencies = (
			);
			name = MVVMRxSwift;
			productName = MVVMRxSwift;
			productReference = 643D9890215A3AA100A4EFA2 /* MVVMRxSwift.app */;
			productType = "com.apple.product-type.application";
		};
		643D98A3215A3AA300A4EFA2 /* MVVMRxSwiftTests */ = {
			isa = PBXNativeTarget;
			buildConfigurationList = 643D98BB215A3AA300A4EFA2 /* Build configuration list for PBXNativeTarget "MVVMRxSwiftTests" */;
			buildPhases = (
				78069BBFD30C08CAECF595AE /* [CP] Check Pods Manifest.lock */,
				643D98A0215A3AA300A4EFA2 /* Sources */,
				643D98A1215A3AA300A4EFA2 /* Frameworks */,
				643D98A2215A3AA300A4EFA2 /* Resources */,
				D62E6B039583C260B3A4630E /* [CP] Embed Pods Frameworks */,
				3F45EF5276882448E27A6120 /* [CP] Copy Pods Resources */,
			);
			buildRules = (
			);
			dependencies = (
				643D98A6215A3AA300A4EFA2 /* PBXTargetDependency */,
			);
			name = MVVMRxSwiftTests;
			productName = MVVMRxSwiftTests;
			productReference = 643D98A4215A3AA300A4EFA2 /* MVVMRxSwiftTests.xctest */;
			productType = "com.apple.product-type.bundle.unit-test";
		};
		643D98AE215A3AA300A4EFA2 /* MVVMRxSwiftUITests */ = {
			isa = PBXNativeTarget;
			buildConfigurationList = 643D98BE215A3AA300A4EFA2 /* Build configuration list for PBXNativeTarget "MVVMRxSwiftUITests" */;
			buildPhases = (
				D86C6D318BF7C0E7F823E9FA /* [CP] Check Pods Manifest.lock */,
				643D98AB215A3AA300A4EFA2 /* Sources */,
				643D98AC215A3AA300A4EFA2 /* Frameworks */,
				643D98AD215A3AA300A4EFA2 /* Resources */,
				FBC73F11ED2AEA6FAFB093DD /* [CP] Embed Pods Frameworks */,
				0972EFFF14F2D13FABA37D53 /* [CP] Copy Pods Resources */,
			);
			buildRules = (
			);
			dependencies = (
				643D98B1215A3AA300A4EFA2 /* PBXTargetDependency */,
			);
			name = MVVMRxSwiftUITests;
			productName = MVVMRxSwiftUITests;
			productReference = 643D98AF215A3AA300A4EFA2 /* MVVMRxSwiftUITests.xctest */;
			productType = "com.apple.product-type.bundle.ui-testing";
		};
/* End PBXNativeTarget section */

/* Begin PBXProject section */
		643D9888215A3AA100A4EFA2 /* Project object */ = {
			isa = PBXProject;
			attributes = {
				LastSwiftUpdateCheck = 1000;
				LastUpgradeCheck = 1000;
				ORGANIZATIONNAME = "Robert Baronas";
				TargetAttributes = {
					643D988F215A3AA100A4EFA2 = {
						CreatedOnToolsVersion = 10.0;
					};
					643D98A3215A3AA300A4EFA2 = {
						CreatedOnToolsVersion = 10.0;
						TestTargetID = 643D988F215A3AA100A4EFA2;
					};
					643D98AE215A3AA300A4EFA2 = {
						CreatedOnToolsVersion = 10.0;
						TestTargetID = 643D988F215A3AA100A4EFA2;
					};
				};
			};
			buildConfigurationList = 643D988B215A3AA100A4EFA2 /* Build configuration list for PBXProject "MVVMRxSwift" */;
			compatibilityVersion = "Xcode 9.3";
			developmentRegion = en;
			hasScannedForEncodings = 0;
			knownRegions = (
				en,
				Base,
			);
			mainGroup = 643D9887215A3AA100A4EFA2;
			productRefGroup = 643D9891215A3AA100A4EFA2 /* Products */;
			projectDirPath = "";
			projectRoot = "";
			targets = (
				643D988F215A3AA100A4EFA2 /* MVVMRxSwift */,
				643D98A3215A3AA300A4EFA2 /* MVVMRxSwiftTests */,
				643D98AE215A3AA300A4EFA2 /* MVVMRxSwiftUITests */,
			);
		};
/* End PBXProject section */

/* Begin PBXResourcesBuildPhase section */
		643D988E215A3AA100A4EFA2 /* Resources */ = {
			isa = PBXResourcesBuildPhase;
			buildActionMask = 2147483647;
			files = (
				643D989E215A3AA300A4EFA2 /* LaunchScreen.storyboard in Resources */,
				67F859A721EA707000A1953B /* Localizable.strings in Resources */,
				643D989B215A3AA300A4EFA2 /* Assets.xcassets in Resources */,
				679DC55B21EE5CE9000BDCB2 /* ItemsViewController.storyboard in Resources */,
				679DC55721EE5434000BDCB2 /* ItemDetailsViewController.storyboard in Resources */,
			);
			runOnlyForDeploymentPostprocessing = 0;
		};
		643D98A2215A3AA300A4EFA2 /* Resources */ = {
			isa = PBXResourcesBuildPhase;
			buildActionMask = 2147483647;
			files = (
			);
			runOnlyForDeploymentPostprocessing = 0;
		};
		643D98AD215A3AA300A4EFA2 /* Resources */ = {
			isa = PBXResourcesBuildPhase;
			buildActionMask = 2147483647;
			files = (
			);
			runOnlyForDeploymentPostprocessing = 0;
		};
/* End PBXResourcesBuildPhase section */

/* Begin PBXShellScriptBuildPhase section */
		0972EFFF14F2D13FABA37D53 /* [CP] Copy Pods Resources */ = {
			isa = PBXShellScriptBuildPhase;
			buildActionMask = 2147483647;
			files = (
			);
			inputPaths = (
			);
			name = "[CP] Copy Pods Resources";
			outputPaths = (
			);
			runOnlyForDeploymentPostprocessing = 0;
			shellPath = /bin/sh;
			shellScript = "\"${SRCROOT}/Pods/Target Support Files/Pods-MVVMRxSwiftUITests/Pods-MVVMRxSwiftUITests-resources.sh\"\n";
			showEnvVarsInLog = 0;
		};
		1696378F53361C77DA3CD1A2 /* [CP] Copy Pods Resources */ = {
			isa = PBXShellScriptBuildPhase;
			buildActionMask = 2147483647;
			files = (
			);
			inputPaths = (
			);
			name = "[CP] Copy Pods Resources";
			outputPaths = (
			);
			runOnlyForDeploymentPostprocessing = 0;
			shellPath = /bin/sh;
			shellScript = "\"${SRCROOT}/Pods/Target Support Files/Pods-MVVMRxSwift/Pods-MVVMRxSwift-resources.sh\"\n";
			showEnvVarsInLog = 0;
		};
		30359D76394D26C226CAC3AB /* [CP] Check Pods Manifest.lock */ = {
			isa = PBXShellScriptBuildPhase;
			buildActionMask = 2147483647;
			files = (
			);
			inputPaths = (
				"${PODS_PODFILE_DIR_PATH}/Podfile.lock",
				"${PODS_ROOT}/Manifest.lock",
			);
			name = "[CP] Check Pods Manifest.lock";
			outputPaths = (
				"$(DERIVED_FILE_DIR)/Pods-MVVMRxSwift-checkManifestLockResult.txt",
			);
			runOnlyForDeploymentPostprocessing = 0;
			shellPath = /bin/sh;
			shellScript = "diff \"${PODS_PODFILE_DIR_PATH}/Podfile.lock\" \"${PODS_ROOT}/Manifest.lock\" > /dev/null\nif [ $? != 0 ] ; then\n    # print error to STDERR\n    echo \"error: The sandbox is not in sync with the Podfile.lock. Run 'pod install' or update your CocoaPods installation.\" >&2\n    exit 1\nfi\n# This output is used by Xcode 'outputs' to avoid re-running this script phase.\necho \"SUCCESS\" > \"${SCRIPT_OUTPUT_FILE_0}\"\n";
			showEnvVarsInLog = 0;
		};
		3F45EF5276882448E27A6120 /* [CP] Copy Pods Resources */ = {
			isa = PBXShellScriptBuildPhase;
			buildActionMask = 2147483647;
			files = (
			);
			inputPaths = (
			);
			name = "[CP] Copy Pods Resources";
			outputPaths = (
			);
			runOnlyForDeploymentPostprocessing = 0;
			shellPath = /bin/sh;
			shellScript = "\"${SRCROOT}/Pods/Target Support Files/Pods-MVVMRxSwiftTests/Pods-MVVMRxSwiftTests-resources.sh\"\n";
			showEnvVarsInLog = 0;
		};
		78069BBFD30C08CAECF595AE /* [CP] Check Pods Manifest.lock */ = {
			isa = PBXShellScriptBuildPhase;
			buildActionMask = 2147483647;
			files = (
			);
			inputPaths = (
				"${PODS_PODFILE_DIR_PATH}/Podfile.lock",
				"${PODS_ROOT}/Manifest.lock",
			);
			name = "[CP] Check Pods Manifest.lock";
			outputPaths = (
				"$(DERIVED_FILE_DIR)/Pods-MVVMRxSwiftTests-checkManifestLockResult.txt",
			);
			runOnlyForDeploymentPostprocessing = 0;
			shellPath = /bin/sh;
			shellScript = "diff \"${PODS_PODFILE_DIR_PATH}/Podfile.lock\" \"${PODS_ROOT}/Manifest.lock\" > /dev/null\nif [ $? != 0 ] ; then\n    # print error to STDERR\n    echo \"error: The sandbox is not in sync with the Podfile.lock. Run 'pod install' or update your CocoaPods installation.\" >&2\n    exit 1\nfi\n# This output is used by Xcode 'outputs' to avoid re-running this script phase.\necho \"SUCCESS\" > \"${SCRIPT_OUTPUT_FILE_0}\"\n";
			showEnvVarsInLog = 0;
		};
		BEA09405CA021445CC032B8B /* [CP] Embed Pods Frameworks */ = {
			isa = PBXShellScriptBuildPhase;
			buildActionMask = 2147483647;
			files = (
			);
			inputPaths = (
				"${SRCROOT}/Pods/Target Support Files/Pods-MVVMRxSwift/Pods-MVVMRxSwift-frameworks.sh",
				"${BUILT_PRODUCTS_DIR}/NVActivityIndicatorView/NVActivityIndicatorView.framework",
				"${BUILT_PRODUCTS_DIR}/ReachabilitySwift/Reachability.framework",
				"${BUILT_PRODUCTS_DIR}/Realm/Realm.framework",
				"${BUILT_PRODUCTS_DIR}/RealmSwift/RealmSwift.framework",
				"${BUILT_PRODUCTS_DIR}/RxAtomic/RxAtomic.framework",
				"${BUILT_PRODUCTS_DIR}/RxCocoa/RxCocoa.framework",
				"${BUILT_PRODUCTS_DIR}/RxSwift/RxSwift.framework",
				"${BUILT_PRODUCTS_DIR}/SwiftMessages/SwiftMessages.framework",
			);
			name = "[CP] Embed Pods Frameworks";
			outputPaths = (
				"${TARGET_BUILD_DIR}/${FRAMEWORKS_FOLDER_PATH}/NVActivityIndicatorView.framework",
				"${TARGET_BUILD_DIR}/${FRAMEWORKS_FOLDER_PATH}/Reachability.framework",
				"${TARGET_BUILD_DIR}/${FRAMEWORKS_FOLDER_PATH}/Realm.framework",
				"${TARGET_BUILD_DIR}/${FRAMEWORKS_FOLDER_PATH}/RealmSwift.framework",
				"${TARGET_BUILD_DIR}/${FRAMEWORKS_FOLDER_PATH}/RxAtomic.framework",
				"${TARGET_BUILD_DIR}/${FRAMEWORKS_FOLDER_PATH}/RxCocoa.framework",
				"${TARGET_BUILD_DIR}/${FRAMEWORKS_FOLDER_PATH}/RxSwift.framework",
				"${TARGET_BUILD_DIR}/${FRAMEWORKS_FOLDER_PATH}/SwiftMessages.framework",
			);
			runOnlyForDeploymentPostprocessing = 0;
			shellPath = /bin/sh;
			shellScript = "\"${SRCROOT}/Pods/Target Support Files/Pods-MVVMRxSwift/Pods-MVVMRxSwift-frameworks.sh\"\n";
			showEnvVarsInLog = 0;
		};
		D62E6B039583C260B3A4630E /* [CP] Embed Pods Frameworks */ = {
			isa = PBXShellScriptBuildPhase;
			buildActionMask = 2147483647;
			files = (
			);
			inputPaths = (
			);
			name = "[CP] Embed Pods Frameworks";
			outputPaths = (
			);
			runOnlyForDeploymentPostprocessing = 0;
			shellPath = /bin/sh;
			shellScript = "\"${SRCROOT}/Pods/Target Support Files/Pods-MVVMRxSwiftTests/Pods-MVVMRxSwiftTests-frameworks.sh\"\n";
			showEnvVarsInLog = 0;
		};
		D86C6D318BF7C0E7F823E9FA /* [CP] Check Pods Manifest.lock */ = {
			isa = PBXShellScriptBuildPhase;
			buildActionMask = 2147483647;
			files = (
			);
			inputPaths = (
				"${PODS_PODFILE_DIR_PATH}/Podfile.lock",
				"${PODS_ROOT}/Manifest.lock",
			);
			name = "[CP] Check Pods Manifest.lock";
			outputPaths = (
				"$(DERIVED_FILE_DIR)/Pods-MVVMRxSwiftUITests-checkManifestLockResult.txt",
			);
			runOnlyForDeploymentPostprocessing = 0;
			shellPath = /bin/sh;
			shellScript = "diff \"${PODS_PODFILE_DIR_PATH}/Podfile.lock\" \"${PODS_ROOT}/Manifest.lock\" > /dev/null\nif [ $? != 0 ] ; then\n    # print error to STDERR\n    echo \"error: The sandbox is not in sync with the Podfile.lock. Run 'pod install' or update your CocoaPods installation.\" >&2\n    exit 1\nfi\n# This output is used by Xcode 'outputs' to avoid re-running this script phase.\necho \"SUCCESS\" > \"${SCRIPT_OUTPUT_FILE_0}\"\n";
			showEnvVarsInLog = 0;
		};
		FBC73F11ED2AEA6FAFB093DD /* [CP] Embed Pods Frameworks */ = {
			isa = PBXShellScriptBuildPhase;
			buildActionMask = 2147483647;
			files = (
			);
			inputPaths = (
			);
			name = "[CP] Embed Pods Frameworks";
			outputPaths = (
			);
			runOnlyForDeploymentPostprocessing = 0;
			shellPath = /bin/sh;
			shellScript = "\"${SRCROOT}/Pods/Target Support Files/Pods-MVVMRxSwiftUITests/Pods-MVVMRxSwiftUITests-frameworks.sh\"\n";
			showEnvVarsInLog = 0;
		};
/* End PBXShellScriptBuildPhase section */

/* Begin PBXSourcesBuildPhase section */
		643D988C215A3AA100A4EFA2 /* Sources */ = {
			isa = PBXSourcesBuildPhase;
			buildActionMask = 2147483647;
			files = (
				67F85A0D21ED265D00A1953B /* ReachabilityManager.swift in Sources */,
				67F8599F21EA6BFE00A1953B /* UIViewController+Ext.swift in Sources */,
				67F85A2121EE46AD00A1953B /* ItemsTableCell.swift in Sources */,
				679DC56E21EF01DA000BDCB2 /* ItemsListCoordinator.swift in Sources */,
				D31284E421EE0FFC006E2FDF /* ListInteractor.swift in Sources */,
				67F85A1521ED26A400A1953B /* Network.swift in Sources */,
				D31284FB21EE2BD5006E2FDF /* Repository.swift in Sources */,
				67F85A2521EE47B300A1953B /* ItemActionViewModel.swift in Sources */,
				67F85A1321ED265D00A1953B /* Configuration.swift in Sources */,
				679DC56C21EF01DA000BDCB2 /* Coordinator.swift in Sources */,
				67F8598721E927EC00A1953B /* RMAlbum.swift in Sources */,
				67F85A0E21ED265D00A1953B /* Error.swift in Sources */,
				67F85A0F21ED265D00A1953B /* ErrorMessage.swift in Sources */,
				67F85A2321EE475700A1953B /* ItemDetailsViewController.swift in Sources */,
				643D98D2215A3BCD00A4EFA2 /* BindingExtensions.swift in Sources */,
				67F859A021EA6BFE00A1953B /* Observable+Ext.swift in Sources */,
				67F85A0C21ED265D00A1953B /* URLRequestCreator.swift in Sources */,
				67F85A1721ED299300A1953B /* RealmStore.swift in Sources */,
				67F85A1921ED4AAA00A1953B /* HTTPClient.swift in Sources */,
				643D98D6215A3BCD00A4EFA2 /* ValidationService.swift in Sources */,
				67F859F121ED064600A1953B /* DetailsServiceMock.swift in Sources */,
				67F85A2921EE485B00A1953B /* UpdateItemViewModel.swift in Sources */,
				679DC56B21EF01DA000BDCB2 /* ApplicationCoordinator.swift in Sources */,
				D31284D921EE0EFB006E2FDF /* DependanciesProvider.swift in Sources */,
				D3536B6621EDF5720020B294 /* Service.swift in Sources */,
				D31284F321EE1045006E2FDF /* AddInteractor.swift in Sources */,
				D31284FD21EE2BD5006E2FDF /* Album.swift in Sources */,
				679DC56D21EF01DA000BDCB2 /* ItemDetailsCoordinator.swift in Sources */,
				67F85A2721EE481200A1953B /* AddItemViewModel.swift in Sources */,
				67F859A221EA6BFE00A1953B /* UIAlertController+Additions.swift in Sources */,
				67F8599221E9369600A1953B /* Realm+Ext.swift in Sources */,
				67F85A1F21EE463600A1953B /* ItemsViewModel.swift in Sources */,
				67F85A1D21EE45DE00A1953B /* ItemsViewController.swift in Sources */,
				D31284F221EE1045006E2FDF /* UpdateInteractor.swift in Sources */,
				679DC55921EE555E000BDCB2 /* Storyboard+Ext.swift in Sources */,
				D31284E521EE0FFC006E2FDF /* DeleteInteractor.swift in Sources */,
				D31284FC21EE2BD5006E2FDF /* Album+Mapping.swift in Sources */,
				643D9894215A3AA100A4EFA2 /* AppDelegate.swift in Sources */,
			);
			runOnlyForDeploymentPostprocessing = 0;
		};
		643D98A0215A3AA300A4EFA2 /* Sources */ = {
			isa = PBXSourcesBuildPhase;
			buildActionMask = 2147483647;
			files = (
				643D98A9215A3AA300A4EFA2 /* MVVMRxSwiftTests.swift in Sources */,
			);
			runOnlyForDeploymentPostprocessing = 0;
		};
		643D98AB215A3AA300A4EFA2 /* Sources */ = {
			isa = PBXSourcesBuildPhase;
			buildActionMask = 2147483647;
			files = (
				643D98B4215A3AA300A4EFA2 /* MVVMRxSwiftUITests.swift in Sources */,
			);
			runOnlyForDeploymentPostprocessing = 0;
		};
/* End PBXSourcesBuildPhase section */

/* Begin PBXTargetDependency section */
		643D98A6215A3AA300A4EFA2 /* PBXTargetDependency */ = {
			isa = PBXTargetDependency;
			target = 643D988F215A3AA100A4EFA2 /* MVVMRxSwift */;
			targetProxy = 643D98A5215A3AA300A4EFA2 /* PBXContainerItemProxy */;
		};
		643D98B1215A3AA300A4EFA2 /* PBXTargetDependency */ = {
			isa = PBXTargetDependency;
			target = 643D988F215A3AA100A4EFA2 /* MVVMRxSwift */;
			targetProxy = 643D98B0215A3AA300A4EFA2 /* PBXContainerItemProxy */;
		};
/* End PBXTargetDependency section */

/* Begin PBXVariantGroup section */
		643D989C215A3AA300A4EFA2 /* LaunchScreen.storyboard */ = {
			isa = PBXVariantGroup;
			children = (
				643D989D215A3AA300A4EFA2 /* Base */,
			);
			name = LaunchScreen.storyboard;
			sourceTree = "<group>";
		};
		67F859A921EA707000A1953B /* Localizable.strings */ = {
			isa = PBXVariantGroup;
			children = (
				67F859A821EA707000A1953B /* en */,
			);
			name = Localizable.strings;
			sourceTree = "<group>";
		};
/* End PBXVariantGroup section */

/* Begin XCBuildConfiguration section */
		643D98B6215A3AA300A4EFA2 /* Debug */ = {
			isa = XCBuildConfiguration;
			buildSettings = {
				ALWAYS_SEARCH_USER_PATHS = NO;
				CLANG_ANALYZER_LOCALIZABILITY_NONLOCALIZED = YES;
				CLANG_ANALYZER_NONNULL = YES;
				CLANG_ANALYZER_NUMBER_OBJECT_CONVERSION = YES_AGGRESSIVE;
				CLANG_CXX_LANGUAGE_STANDARD = "gnu++14";
				CLANG_CXX_LIBRARY = "libc++";
				CLANG_ENABLE_MODULES = YES;
				CLANG_ENABLE_OBJC_ARC = YES;
				CLANG_ENABLE_OBJC_WEAK = YES;
				CLANG_WARN_BLOCK_CAPTURE_AUTORELEASING = YES;
				CLANG_WARN_BOOL_CONVERSION = YES;
				CLANG_WARN_COMMA = YES;
				CLANG_WARN_CONSTANT_CONVERSION = YES;
				CLANG_WARN_DEPRECATED_OBJC_IMPLEMENTATIONS = YES;
				CLANG_WARN_DIRECT_OBJC_ISA_USAGE = YES_ERROR;
				CLANG_WARN_DOCUMENTATION_COMMENTS = YES;
				CLANG_WARN_EMPTY_BODY = YES;
				CLANG_WARN_ENUM_CONVERSION = YES;
				CLANG_WARN_INFINITE_RECURSION = YES;
				CLANG_WARN_INT_CONVERSION = YES;
				CLANG_WARN_NON_LITERAL_NULL_CONVERSION = YES;
				CLANG_WARN_OBJC_IMPLICIT_RETAIN_SELF = YES;
				CLANG_WARN_OBJC_LITERAL_CONVERSION = YES;
				CLANG_WARN_OBJC_ROOT_CLASS = YES_ERROR;
				CLANG_WARN_RANGE_LOOP_ANALYSIS = YES;
				CLANG_WARN_STRICT_PROTOTYPES = YES;
				CLANG_WARN_SUSPICIOUS_MOVE = YES;
				CLANG_WARN_UNGUARDED_AVAILABILITY = YES_AGGRESSIVE;
				CLANG_WARN_UNREACHABLE_CODE = YES;
				CLANG_WARN__DUPLICATE_METHOD_MATCH = YES;
				CODE_SIGN_IDENTITY = "iPhone Developer";
				COPY_PHASE_STRIP = NO;
				DEBUG_INFORMATION_FORMAT = dwarf;
				ENABLE_STRICT_OBJC_MSGSEND = YES;
				ENABLE_TESTABILITY = YES;
				GCC_C_LANGUAGE_STANDARD = gnu11;
				GCC_DYNAMIC_NO_PIC = NO;
				GCC_NO_COMMON_BLOCKS = YES;
				GCC_OPTIMIZATION_LEVEL = 0;
				GCC_PREPROCESSOR_DEFINITIONS = (
					"DEBUG=1",
					"$(inherited)",
				);
				GCC_WARN_64_TO_32_BIT_CONVERSION = YES;
				GCC_WARN_ABOUT_RETURN_TYPE = YES_ERROR;
				GCC_WARN_UNDECLARED_SELECTOR = YES;
				GCC_WARN_UNINITIALIZED_AUTOS = YES_AGGRESSIVE;
				GCC_WARN_UNUSED_FUNCTION = YES;
				GCC_WARN_UNUSED_VARIABLE = YES;
				IPHONEOS_DEPLOYMENT_TARGET = 12.0;
				MTL_ENABLE_DEBUG_INFO = INCLUDE_SOURCE;
				MTL_FAST_MATH = YES;
				ONLY_ACTIVE_ARCH = YES;
				SDKROOT = iphoneos;
				SWIFT_ACTIVE_COMPILATION_CONDITIONS = DEBUG;
				SWIFT_OPTIMIZATION_LEVEL = "-Onone";
			};
			name = Debug;
		};
		643D98B7215A3AA300A4EFA2 /* Release */ = {
			isa = XCBuildConfiguration;
			buildSettings = {
				ALWAYS_SEARCH_USER_PATHS = NO;
				CLANG_ANALYZER_LOCALIZABILITY_NONLOCALIZED = YES;
				CLANG_ANALYZER_NONNULL = YES;
				CLANG_ANALYZER_NUMBER_OBJECT_CONVERSION = YES_AGGRESSIVE;
				CLANG_CXX_LANGUAGE_STANDARD = "gnu++14";
				CLANG_CXX_LIBRARY = "libc++";
				CLANG_ENABLE_MODULES = YES;
				CLANG_ENABLE_OBJC_ARC = YES;
				CLANG_ENABLE_OBJC_WEAK = YES;
				CLANG_WARN_BLOCK_CAPTURE_AUTORELEASING = YES;
				CLANG_WARN_BOOL_CONVERSION = YES;
				CLANG_WARN_COMMA = YES;
				CLANG_WARN_CONSTANT_CONVERSION = YES;
				CLANG_WARN_DEPRECATED_OBJC_IMPLEMENTATIONS = YES;
				CLANG_WARN_DIRECT_OBJC_ISA_USAGE = YES_ERROR;
				CLANG_WARN_DOCUMENTATION_COMMENTS = YES;
				CLANG_WARN_EMPTY_BODY = YES;
				CLANG_WARN_ENUM_CONVERSION = YES;
				CLANG_WARN_INFINITE_RECURSION = YES;
				CLANG_WARN_INT_CONVERSION = YES;
				CLANG_WARN_NON_LITERAL_NULL_CONVERSION = YES;
				CLANG_WARN_OBJC_IMPLICIT_RETAIN_SELF = YES;
				CLANG_WARN_OBJC_LITERAL_CONVERSION = YES;
				CLANG_WARN_OBJC_ROOT_CLASS = YES_ERROR;
				CLANG_WARN_RANGE_LOOP_ANALYSIS = YES;
				CLANG_WARN_STRICT_PROTOTYPES = YES;
				CLANG_WARN_SUSPICIOUS_MOVE = YES;
				CLANG_WARN_UNGUARDED_AVAILABILITY = YES_AGGRESSIVE;
				CLANG_WARN_UNREACHABLE_CODE = YES;
				CLANG_WARN__DUPLICATE_METHOD_MATCH = YES;
				CODE_SIGN_IDENTITY = "iPhone Developer";
				COPY_PHASE_STRIP = NO;
				DEBUG_INFORMATION_FORMAT = "dwarf-with-dsym";
				ENABLE_NS_ASSERTIONS = NO;
				ENABLE_STRICT_OBJC_MSGSEND = YES;
				GCC_C_LANGUAGE_STANDARD = gnu11;
				GCC_NO_COMMON_BLOCKS = YES;
				GCC_WARN_64_TO_32_BIT_CONVERSION = YES;
				GCC_WARN_ABOUT_RETURN_TYPE = YES_ERROR;
				GCC_WARN_UNDECLARED_SELECTOR = YES;
				GCC_WARN_UNINITIALIZED_AUTOS = YES_AGGRESSIVE;
				GCC_WARN_UNUSED_FUNCTION = YES;
				GCC_WARN_UNUSED_VARIABLE = YES;
				IPHONEOS_DEPLOYMENT_TARGET = 12.0;
				MTL_ENABLE_DEBUG_INFO = NO;
				MTL_FAST_MATH = YES;
				SDKROOT = iphoneos;
				SWIFT_COMPILATION_MODE = wholemodule;
				SWIFT_OPTIMIZATION_LEVEL = "-O";
				VALIDATE_PRODUCT = YES;
			};
			name = Release;
		};
		643D98B9215A3AA300A4EFA2 /* Debug */ = {
			isa = XCBuildConfiguration;
			baseConfigurationReference = D87E387F3D86026143E90322 /* Pods-MVVMRxSwift.debug.xcconfig */;
			buildSettings = {
				ASSETCATALOG_COMPILER_APPICON_NAME = AppIcon;
				CODE_SIGN_STYLE = Automatic;
				DEVELOPMENT_TEAM = 9WVXMKT8E7;
				INFOPLIST_FILE = MVVMRxSwift/Info.plist;
				LD_RUNPATH_SEARCH_PATHS = (
					"$(inherited)",
					"@executable_path/Frameworks",
				);
				PRODUCT_BUNDLE_IDENTIFIER = Smarter.MVVMRxSwift;
				PRODUCT_NAME = "$(TARGET_NAME)";
				SWIFT_VERSION = 4.2;
				TARGETED_DEVICE_FAMILY = "1,2";
			};
			name = Debug;
		};
		643D98BA215A3AA300A4EFA2 /* Release */ = {
			isa = XCBuildConfiguration;
			baseConfigurationReference = 7E2FED9E4C63E487C6E45806 /* Pods-MVVMRxSwift.release.xcconfig */;
			buildSettings = {
				ASSETCATALOG_COMPILER_APPICON_NAME = AppIcon;
				CODE_SIGN_STYLE = Automatic;
				DEVELOPMENT_TEAM = 9WVXMKT8E7;
				INFOPLIST_FILE = MVVMRxSwift/Info.plist;
				LD_RUNPATH_SEARCH_PATHS = (
					"$(inherited)",
					"@executable_path/Frameworks",
				);
				PRODUCT_BUNDLE_IDENTIFIER = Smarter.MVVMRxSwift;
				PRODUCT_NAME = "$(TARGET_NAME)";
				SWIFT_VERSION = 4.2;
				TARGETED_DEVICE_FAMILY = "1,2";
			};
			name = Release;
		};
		643D98BC215A3AA300A4EFA2 /* Debug */ = {
			isa = XCBuildConfiguration;
			baseConfigurationReference = 64BB29731EB6465DD05DA113 /* Pods-MVVMRxSwiftTests.debug.xcconfig */;
			buildSettings = {
				ALWAYS_EMBED_SWIFT_STANDARD_LIBRARIES = YES;
				BUNDLE_LOADER = "$(TEST_HOST)";
				CODE_SIGN_STYLE = Automatic;
				DEVELOPMENT_TEAM = 5LEQ4G2BEZ;
				INFOPLIST_FILE = MVVMRxSwiftTests/Info.plist;
				LD_RUNPATH_SEARCH_PATHS = (
					"$(inherited)",
					"@executable_path/Frameworks",
					"@loader_path/Frameworks",
				);
				PRODUCT_BUNDLE_IDENTIFIER = Smarter.MVVMRxSwiftTests;
				PRODUCT_NAME = "$(TARGET_NAME)";
				SWIFT_VERSION = 4.2;
				TARGETED_DEVICE_FAMILY = "1,2";
				TEST_HOST = "$(BUILT_PRODUCTS_DIR)/MVVMRxSwift.app/MVVMRxSwift";
			};
			name = Debug;
		};
		643D98BD215A3AA300A4EFA2 /* Release */ = {
			isa = XCBuildConfiguration;
			baseConfigurationReference = 45D6A2B9660E56B595665903 /* Pods-MVVMRxSwiftTests.release.xcconfig */;
			buildSettings = {
				ALWAYS_EMBED_SWIFT_STANDARD_LIBRARIES = YES;
				BUNDLE_LOADER = "$(TEST_HOST)";
				CODE_SIGN_STYLE = Automatic;
				DEVELOPMENT_TEAM = 5LEQ4G2BEZ;
				INFOPLIST_FILE = MVVMRxSwiftTests/Info.plist;
				LD_RUNPATH_SEARCH_PATHS = (
					"$(inherited)",
					"@executable_path/Frameworks",
					"@loader_path/Frameworks",
				);
				PRODUCT_BUNDLE_IDENTIFIER = Smarter.MVVMRxSwiftTests;
				PRODUCT_NAME = "$(TARGET_NAME)";
				SWIFT_VERSION = 4.2;
				TARGETED_DEVICE_FAMILY = "1,2";
				TEST_HOST = "$(BUILT_PRODUCTS_DIR)/MVVMRxSwift.app/MVVMRxSwift";
			};
			name = Release;
		};
		643D98BF215A3AA300A4EFA2 /* Debug */ = {
			isa = XCBuildConfiguration;
			baseConfigurationReference = D6BE7B943C5461F25464F50B /* Pods-MVVMRxSwiftUITests.debug.xcconfig */;
			buildSettings = {
				ALWAYS_EMBED_SWIFT_STANDARD_LIBRARIES = YES;
				CODE_SIGN_STYLE = Automatic;
				DEVELOPMENT_TEAM = 5LEQ4G2BEZ;
				INFOPLIST_FILE = MVVMRxSwiftUITests/Info.plist;
				LD_RUNPATH_SEARCH_PATHS = (
					"$(inherited)",
					"@executable_path/Frameworks",
					"@loader_path/Frameworks",
				);
				PRODUCT_BUNDLE_IDENTIFIER = Smarter.MVVMRxSwiftUITests;
				PRODUCT_NAME = "$(TARGET_NAME)";
				SWIFT_VERSION = 4.2;
				TARGETED_DEVICE_FAMILY = "1,2";
				TEST_TARGET_NAME = MVVMRxSwift;
			};
			name = Debug;
		};
		643D98C0215A3AA300A4EFA2 /* Release */ = {
			isa = XCBuildConfiguration;
			baseConfigurationReference = 4AEBEFA6A5A71237A295F5A7 /* Pods-MVVMRxSwiftUITests.release.xcconfig */;
			buildSettings = {
				ALWAYS_EMBED_SWIFT_STANDARD_LIBRARIES = YES;
				CODE_SIGN_STYLE = Automatic;
				DEVELOPMENT_TEAM = 5LEQ4G2BEZ;
				INFOPLIST_FILE = MVVMRxSwiftUITests/Info.plist;
				LD_RUNPATH_SEARCH_PATHS = (
					"$(inherited)",
					"@executable_path/Frameworks",
					"@loader_path/Frameworks",
				);
				PRODUCT_BUNDLE_IDENTIFIER = Smarter.MVVMRxSwiftUITests;
				PRODUCT_NAME = "$(TARGET_NAME)";
				SWIFT_VERSION = 4.2;
				TARGETED_DEVICE_FAMILY = "1,2";
				TEST_TARGET_NAME = MVVMRxSwift;
			};
			name = Release;
		};
/* End XCBuildConfiguration section */

/* Begin XCConfigurationList section */
		643D988B215A3AA100A4EFA2 /* Build configuration list for PBXProject "MVVMRxSwift" */ = {
			isa = XCConfigurationList;
			buildConfigurations = (
				643D98B6215A3AA300A4EFA2 /* Debug */,
				643D98B7215A3AA300A4EFA2 /* Release */,
			);
			defaultConfigurationIsVisible = 0;
			defaultConfigurationName = Release;
		};
		643D98B8215A3AA300A4EFA2 /* Build configuration list for PBXNativeTarget "MVVMRxSwift" */ = {
			isa = XCConfigurationList;
			buildConfigurations = (
				643D98B9215A3AA300A4EFA2 /* Debug */,
				643D98BA215A3AA300A4EFA2 /* Release */,
			);
			defaultConfigurationIsVisible = 0;
			defaultConfigurationName = Release;
		};
		643D98BB215A3AA300A4EFA2 /* Build configuration list for PBXNativeTarget "MVVMRxSwiftTests" */ = {
			isa = XCConfigurationList;
			buildConfigurations = (
				643D98BC215A3AA300A4EFA2 /* Debug */,
				643D98BD215A3AA300A4EFA2 /* Release */,
			);
			defaultConfigurationIsVisible = 0;
			defaultConfigurationName = Release;
		};
		643D98BE215A3AA300A4EFA2 /* Build configuration list for PBXNativeTarget "MVVMRxSwiftUITests" */ = {
			isa = XCConfigurationList;
			buildConfigurations = (
				643D98BF215A3AA300A4EFA2 /* Debug */,
				643D98C0215A3AA300A4EFA2 /* Release */,
			);
			defaultConfigurationIsVisible = 0;
			defaultConfigurationName = Release;
		};
/* End XCConfigurationList section */
	};
	rootObject = 643D9888215A3AA100A4EFA2 /* Project object */;
}
