// !$*UTF8*$!
{
	archiveVersion = 1;
	classes = {
	};
	objectVersion = 50;
	objects = {

/* Begin PBXBuildFile section */
		2F1F8F9A0EF7FF04DA8BFDB7 /* Pods_MVVMRxSwift.framework in Frameworks */ = {isa = PBXBuildFile; fileRef = F969EB09BE7FD9B6A6563F56 /* Pods_MVVMRxSwift.framework */; };
		643D9894215A3AA100A4EFA2 /* AppDelegate.swift in Sources */ = {isa = PBXBuildFile; fileRef = 643D9893215A3AA100A4EFA2 /* AppDelegate.swift */; };
		643D989B215A3AA300A4EFA2 /* Assets.xcassets in Resources */ = {isa = PBXBuildFile; fileRef = 643D989A215A3AA300A4EFA2 /* Assets.xcassets */; };
		643D989E215A3AA300A4EFA2 /* LaunchScreen.storyboard in Resources */ = {isa = PBXBuildFile; fileRef = 643D989C215A3AA300A4EFA2 /* LaunchScreen.storyboard */; };
		643D98A9215A3AA300A4EFA2 /* MVVMRxSwiftTests.swift in Sources */ = {isa = PBXBuildFile; fileRef = 643D98A8215A3AA300A4EFA2 /* MVVMRxSwiftTests.swift */; };
		670BC10A21EF9F4600B51B9A /* AlbumActionViewModel.swift in Sources */ = {isa = PBXBuildFile; fileRef = 670BC0F721EF9F4500B51B9A /* AlbumActionViewModel.swift */; };
		670BC10B21EF9F4600B51B9A /* AlbumDetailsViewController.swift in Sources */ = {isa = PBXBuildFile; fileRef = 670BC0F821EF9F4500B51B9A /* AlbumDetailsViewController.swift */; };
		670BC10C21EF9F4600B51B9A /* AlbumDetailsViewController.storyboard in Resources */ = {isa = PBXBuildFile; fileRef = 670BC0F921EF9F4500B51B9A /* AlbumDetailsViewController.storyboard */; };
		670BC10D21EF9F4600B51B9A /* UpdateAlbumViewModel.swift in Sources */ = {isa = PBXBuildFile; fileRef = 670BC0FA21EF9F4500B51B9A /* UpdateAlbumViewModel.swift */; };
		670BC10E21EF9F4600B51B9A /* AlbumUpdateInteractor.swift in Sources */ = {isa = PBXBuildFile; fileRef = 670BC0FC21EF9F4500B51B9A /* AlbumUpdateInteractor.swift */; };
		670BC10F21EF9F4600B51B9A /* AlbumAddInteractor.swift in Sources */ = {isa = PBXBuildFile; fileRef = 670BC0FD21EF9F4500B51B9A /* AlbumAddInteractor.swift */; };
		670BC11021EF9F4600B51B9A /* AddAlbumViewModel.swift in Sources */ = {isa = PBXBuildFile; fileRef = 670BC0FE21EF9F4500B51B9A /* AddAlbumViewModel.swift */; };
		670BC11121EF9F4600B51B9A /* ValidationService.swift in Sources */ = {isa = PBXBuildFile; fileRef = 670BC0FF21EF9F4500B51B9A /* ValidationService.swift */; };
		670BC11221EF9F4600B51B9A /* BindingExtensions.swift in Sources */ = {isa = PBXBuildFile; fileRef = 670BC10021EF9F4500B51B9A /* BindingExtensions.swift */; };
		670BC11321EF9F4600B51B9A /* AlbumsListTableCell.swift in Sources */ = {isa = PBXBuildFile; fileRef = 670BC10221EF9F4500B51B9A /* AlbumsListTableCell.swift */; };
		670BC11421EF9F4600B51B9A /* AlbumsListViewController.storyboard in Resources */ = {isa = PBXBuildFile; fileRef = 670BC10321EF9F4500B51B9A /* AlbumsListViewController.storyboard */; };
		670BC11521EF9F4600B51B9A /* AlbumsListViewModel.swift in Sources */ = {isa = PBXBuildFile; fileRef = 670BC10421EF9F4500B51B9A /* AlbumsListViewModel.swift */; };
		670BC11621EF9F4600B51B9A /* AlbumsListViewController.swift in Sources */ = {isa = PBXBuildFile; fileRef = 670BC10521EF9F4600B51B9A /* AlbumsListViewController.swift */; };
		670BC11721EF9F4600B51B9A /* AlbumsListInteractor.swift in Sources */ = {isa = PBXBuildFile; fileRef = 670BC10721EF9F4600B51B9A /* AlbumsListInteractor.swift */; };
		670BC11821EF9F4600B51B9A /* AlbumDeleteInteractor.swift in Sources */ = {isa = PBXBuildFile; fileRef = 670BC10821EF9F4600B51B9A /* AlbumDeleteInteractor.swift */; };
		670BC11921EF9F4600B51B9A /* AlbumsDependanciesProvider.swift in Sources */ = {isa = PBXBuildFile; fileRef = 670BC10921EF9F4600B51B9A /* AlbumsDependanciesProvider.swift */; };
		670BC12421EF9FC500B51B9A /* AlbumService.swift in Sources */ = {isa = PBXBuildFile; fileRef = 670BC11B21EF9FC500B51B9A /* AlbumService.swift */; };
		670BC12721EF9FC500B51B9A /* Error.swift in Sources */ = {isa = PBXBuildFile; fileRef = 670BC11F21EF9FC500B51B9A /* Error.swift */; };
		670BC12821EF9FC500B51B9A /* Network.swift in Sources */ = {isa = PBXBuildFile; fileRef = 670BC12021EF9FC500B51B9A /* Network.swift */; };
		670BC12A21EF9FC500B51B9A /* ErrorMessage.swift in Sources */ = {isa = PBXBuildFile; fileRef = 670BC12221EF9FC500B51B9A /* ErrorMessage.swift */; };
		670BC12B21EF9FC500B51B9A /* Configuration.swift in Sources */ = {isa = PBXBuildFile; fileRef = 670BC12321EF9FC500B51B9A /* Configuration.swift */; };
		670BC12D21EFA73000B51B9A /* AlbumServiceMock.swift in Sources */ = {isa = PBXBuildFile; fileRef = 670BC12C21EFA73000B51B9A /* AlbumServiceMock.swift */; };
		671D7508220B269000038A09 /* Router.swift in Sources */ = {isa = PBXBuildFile; fileRef = 671D7507220B269000038A09 /* Router.swift */; };
		678F464D21FE102000B95538 /* MVVMRxSwiftUITests.swift in Sources */ = {isa = PBXBuildFile; fileRef = 643D98B3215A3AA300A4EFA2 /* MVVMRxSwiftUITests.swift */; };
		679DC55921EE555E000BDCB2 /* Storyboard+Ext.swift in Sources */ = {isa = PBXBuildFile; fileRef = 679DC55821EE555E000BDCB2 /* Storyboard+Ext.swift */; };
		679DC56B21EF01DA000BDCB2 /* ApplicationCoordinator.swift in Sources */ = {isa = PBXBuildFile; fileRef = 679DC56721EF01DA000BDCB2 /* ApplicationCoordinator.swift */; };
		679DC56C21EF01DA000BDCB2 /* Coordinator.swift in Sources */ = {isa = PBXBuildFile; fileRef = 679DC56821EF01DA000BDCB2 /* Coordinator.swift */; };
		679DC56D21EF01DA000BDCB2 /* AlbumDetailsCoordinator.swift in Sources */ = {isa = PBXBuildFile; fileRef = 679DC56921EF01DA000BDCB2 /* AlbumDetailsCoordinator.swift */; };
		679DC56E21EF01DA000BDCB2 /* AlbumsListCoordinator.swift in Sources */ = {isa = PBXBuildFile; fileRef = 679DC56A21EF01DA000BDCB2 /* AlbumsListCoordinator.swift */; };
		67B066102211E0D900626621 /* BaseViewController.swift in Sources */ = {isa = PBXBuildFile; fileRef = 67B0660F2211E0D900626621 /* BaseViewController.swift */; };
		67F8598721E927EC00A1953B /* RMAlbum.swift in Sources */ = {isa = PBXBuildFile; fileRef = 67F8598621E927EC00A1953B /* RMAlbum.swift */; };
		67F8599221E9369600A1953B /* Realm+Ext.swift in Sources */ = {isa = PBXBuildFile; fileRef = 67F8599121E9369600A1953B /* Realm+Ext.swift */; };
		67F8599F21EA6BFE00A1953B /* UIViewController+Ext.swift in Sources */ = {isa = PBXBuildFile; fileRef = 67F8599B21EA6BFE00A1953B /* UIViewController+Ext.swift */; };
		67F859A721EA707000A1953B /* Localizable.strings in Resources */ = {isa = PBXBuildFile; fileRef = 67F859A921EA707000A1953B /* Localizable.strings */; };
		67F85A1721ED299300A1953B /* RealmStore.swift in Sources */ = {isa = PBXBuildFile; fileRef = 67F85A1621ED299300A1953B /* RealmStore.swift */; };
		A695B4B835A74D8812D74545 /* Pods_MVVMRxSwiftUITests.framework in Frameworks */ = {isa = PBXBuildFile; fileRef = 8CFCBDCC6C9CA67B300BDF55 /* Pods_MVVMRxSwiftUITests.framework */; };
		C3034B1D244935A926146E10 /* Pods_MVVMRxSwiftTests.framework in Frameworks */ = {isa = PBXBuildFile; fileRef = D0A70FE24B059C46B8B026E1 /* Pods_MVVMRxSwiftTests.framework */; };
		D31284FC21EE2BD5006E2FDF /* Album+Mapping.swift in Sources */ = {isa = PBXBuildFile; fileRef = D31284F921EE2BD5006E2FDF /* Album+Mapping.swift */; };
		D31284FD21EE2BD5006E2FDF /* Album.swift in Sources */ = {isa = PBXBuildFile; fileRef = D31284FA21EE2BD5006E2FDF /* Album.swift */; };
		D377611921F60CB5008D1719 /* AlbumRepository.swift in Sources */ = {isa = PBXBuildFile; fileRef = D377611821F60CB5008D1719 /* AlbumRepository.swift */; };
/* End PBXBuildFile section */

/* Begin PBXContainerItemProxy section */
		643D98A5215A3AA300A4EFA2 /* PBXContainerItemProxy */ = {
			isa = PBXContainerItemProxy;
			containerPortal = 643D9888215A3AA100A4EFA2 /* Project object */;
			proxyType = 1;
			remoteGlobalIDString = 643D988F215A3AA100A4EFA2;
			remoteInfo = MVVMRxSwift;
		};
		643D98B0215A3AA300A4EFA2 /* PBXContainerItemProxy */ = {
			isa = PBXContainerItemProxy;
			containerPortal = 643D9888215A3AA100A4EFA2 /* Project object */;
			proxyType = 1;
			remoteGlobalIDString = 643D988F215A3AA100A4EFA2;
			remoteInfo = MVVMRxSwift;
		};
/* End PBXContainerItemProxy section */

/* Begin PBXFileReference section */
		45D6A2B9660E56B595665903 /* Pods-MVVMRxSwiftTests.release.xcconfig */ = {isa = PBXFileReference; includeInIndex = 1; lastKnownFileType = text.xcconfig; name = "Pods-MVVMRxSwiftTests.release.xcconfig"; path = "Pods/Target Support Files/Pods-MVVMRxSwiftTests/Pods-MVVMRxSwiftTests.release.xcconfig"; sourceTree = "<group>"; };
		4AEBEFA6A5A71237A295F5A7 /* Pods-MVVMRxSwiftUITests.release.xcconfig */ = {isa = PBXFileReference; includeInIndex = 1; lastKnownFileType = text.xcconfig; name = "Pods-MVVMRxSwiftUITests.release.xcconfig"; path = "Pods/Target Support Files/Pods-MVVMRxSwiftUITests/Pods-MVVMRxSwiftUITests.release.xcconfig"; sourceTree = "<group>"; };
		643D9890215A3AA100A4EFA2 /* MVVMRxSwift.app */ = {isa = PBXFileReference; explicitFileType = wrapper.application; includeInIndex = 0; path = MVVMRxSwift.app; sourceTree = BUILT_PRODUCTS_DIR; };
		643D9893215A3AA100A4EFA2 /* AppDelegate.swift */ = {isa = PBXFileReference; lastKnownFileType = sourcecode.swift; path = AppDelegate.swift; sourceTree = "<group>"; };
		643D989A215A3AA300A4EFA2 /* Assets.xcassets */ = {isa = PBXFileReference; lastKnownFileType = folder.assetcatalog; path = Assets.xcassets; sourceTree = "<group>"; };
		643D989D215A3AA300A4EFA2 /* Base */ = {isa = PBXFileReference; lastKnownFileType = file.storyboard; name = Base; path = Base.lproj/LaunchScreen.storyboard; sourceTree = "<group>"; };
		643D989F215A3AA300A4EFA2 /* Info.plist */ = {isa = PBXFileReference; lastKnownFileType = text.plist.xml; path = Info.plist; sourceTree = "<group>"; };
		643D98A4215A3AA300A4EFA2 /* MVVMRxSwiftTests.xctest */ = {isa = PBXFileReference; explicitFileType = wrapper.cfbundle; includeInIndex = 0; path = MVVMRxSwiftTests.xctest; sourceTree = BUILT_PRODUCTS_DIR; };
		643D98A8215A3AA300A4EFA2 /* MVVMRxSwiftTests.swift */ = {isa = PBXFileReference; lastKnownFileType = sourcecode.swift; path = MVVMRxSwiftTests.swift; sourceTree = "<group>"; };
		643D98AA215A3AA300A4EFA2 /* Info.plist */ = {isa = PBXFileReference; lastKnownFileType = text.plist.xml; path = Info.plist; sourceTree = "<group>"; };
		643D98AF215A3AA300A4EFA2 /* MVVMRxSwiftUITests.xctest */ = {isa = PBXFileReference; explicitFileType = wrapper.cfbundle; includeInIndex = 0; path = MVVMRxSwiftUITests.xctest; sourceTree = BUILT_PRODUCTS_DIR; };
		643D98B3215A3AA300A4EFA2 /* MVVMRxSwiftUITests.swift */ = {isa = PBXFileReference; lastKnownFileType = sourcecode.swift; path = MVVMRxSwiftUITests.swift; sourceTree = "<group>"; };
		643D98B5215A3AA300A4EFA2 /* Info.plist */ = {isa = PBXFileReference; lastKnownFileType = text.plist.xml; path = Info.plist; sourceTree = "<group>"; };
		64BB29731EB6465DD05DA113 /* Pods-MVVMRxSwiftTests.debug.xcconfig */ = {isa = PBXFileReference; includeInIndex = 1; lastKnownFileType = text.xcconfig; name = "Pods-MVVMRxSwiftTests.debug.xcconfig"; path = "Pods/Target Support Files/Pods-MVVMRxSwiftTests/Pods-MVVMRxSwiftTests.debug.xcconfig"; sourceTree = "<group>"; };
		670BC0F721EF9F4500B51B9A /* AlbumActionViewModel.swift */ = {isa = PBXFileReference; fileEncoding = 4; lastKnownFileType = sourcecode.swift; path = AlbumActionViewModel.swift; sourceTree = "<group>"; };
		670BC0F821EF9F4500B51B9A /* AlbumDetailsViewController.swift */ = {isa = PBXFileReference; fileEncoding = 4; lastKnownFileType = sourcecode.swift; path = AlbumDetailsViewController.swift; sourceTree = "<group>"; };
		670BC0F921EF9F4500B51B9A /* AlbumDetailsViewController.storyboard */ = {isa = PBXFileReference; fileEncoding = 4; lastKnownFileType = file.storyboard; path = AlbumDetailsViewController.storyboard; sourceTree = "<group>"; };
		670BC0FA21EF9F4500B51B9A /* UpdateAlbumViewModel.swift */ = {isa = PBXFileReference; fileEncoding = 4; lastKnownFileType = sourcecode.swift; path = UpdateAlbumViewModel.swift; sourceTree = "<group>"; };
		670BC0FC21EF9F4500B51B9A /* AlbumUpdateInteractor.swift */ = {isa = PBXFileReference; fileEncoding = 4; lastKnownFileType = sourcecode.swift; path = AlbumUpdateInteractor.swift; sourceTree = "<group>"; };
		670BC0FD21EF9F4500B51B9A /* AlbumAddInteractor.swift */ = {isa = PBXFileReference; fileEncoding = 4; lastKnownFileType = sourcecode.swift; path = AlbumAddInteractor.swift; sourceTree = "<group>"; };
		670BC0FE21EF9F4500B51B9A /* AddAlbumViewModel.swift */ = {isa = PBXFileReference; fileEncoding = 4; lastKnownFileType = sourcecode.swift; path = AddAlbumViewModel.swift; sourceTree = "<group>"; };
		670BC0FF21EF9F4500B51B9A /* ValidationService.swift */ = {isa = PBXFileReference; fileEncoding = 4; lastKnownFileType = sourcecode.swift; path = ValidationService.swift; sourceTree = "<group>"; };
		670BC10021EF9F4500B51B9A /* BindingExtensions.swift */ = {isa = PBXFileReference; fileEncoding = 4; lastKnownFileType = sourcecode.swift; path = BindingExtensions.swift; sourceTree = "<group>"; };
		670BC10221EF9F4500B51B9A /* AlbumsListTableCell.swift */ = {isa = PBXFileReference; fileEncoding = 4; lastKnownFileType = sourcecode.swift; path = AlbumsListTableCell.swift; sourceTree = "<group>"; };
		670BC10321EF9F4500B51B9A /* AlbumsListViewController.storyboard */ = {isa = PBXFileReference; fileEncoding = 4; lastKnownFileType = file.storyboard; path = AlbumsListViewController.storyboard; sourceTree = "<group>"; };
		670BC10421EF9F4500B51B9A /* AlbumsListViewModel.swift */ = {isa = PBXFileReference; fileEncoding = 4; lastKnownFileType = sourcecode.swift; path = AlbumsListViewModel.swift; sourceTree = "<group>"; };
		670BC10521EF9F4600B51B9A /* AlbumsListViewController.swift */ = {isa = PBXFileReference; fileEncoding = 4; lastKnownFileType = sourcecode.swift; path = AlbumsListViewController.swift; sourceTree = "<group>"; };
		670BC10721EF9F4600B51B9A /* AlbumsListInteractor.swift */ = {isa = PBXFileReference; fileEncoding = 4; lastKnownFileType = sourcecode.swift; path = AlbumsListInteractor.swift; sourceTree = "<group>"; };
		670BC10821EF9F4600B51B9A /* AlbumDeleteInteractor.swift */ = {isa = PBXFileReference; fileEncoding = 4; lastKnownFileType = sourcecode.swift; path = AlbumDeleteInteractor.swift; sourceTree = "<group>"; };
		670BC10921EF9F4600B51B9A /* AlbumsDependanciesProvider.swift */ = {isa = PBXFileReference; fileEncoding = 4; lastKnownFileType = sourcecode.swift; path = AlbumsDependanciesProvider.swift; sourceTree = "<group>"; };
		670BC11B21EF9FC500B51B9A /* AlbumService.swift */ = {isa = PBXFileReference; fileEncoding = 4; lastKnownFileType = sourcecode.swift; path = AlbumService.swift; sourceTree = "<group>"; };
		670BC11F21EF9FC500B51B9A /* Error.swift */ = {isa = PBXFileReference; fileEncoding = 4; lastKnownFileType = sourcecode.swift; path = Error.swift; sourceTree = "<group>"; };
		670BC12021EF9FC500B51B9A /* Network.swift */ = {isa = PBXFileReference; fileEncoding = 4; lastKnownFileType = sourcecode.swift; path = Network.swift; sourceTree = "<group>"; };
		670BC12221EF9FC500B51B9A /* ErrorMessage.swift */ = {isa = PBXFileReference; fileEncoding = 4; lastKnownFileType = sourcecode.swift; path = ErrorMessage.swift; sourceTree = "<group>"; };
		670BC12321EF9FC500B51B9A /* Configuration.swift */ = {isa = PBXFileReference; fileEncoding = 4; lastKnownFileType = sourcecode.swift; path = Configuration.swift; sourceTree = "<group>"; };
		670BC12C21EFA73000B51B9A /* AlbumServiceMock.swift */ = {isa = PBXFileReference; fileEncoding = 4; lastKnownFileType = sourcecode.swift; path = AlbumServiceMock.swift; sourceTree = "<group>"; };
		671D7507220B269000038A09 /* Router.swift */ = {isa = PBXFileReference; fileEncoding = 4; lastKnownFileType = sourcecode.swift; path = Router.swift; sourceTree = "<group>"; };
		679DC55821EE555E000BDCB2 /* Storyboard+Ext.swift */ = {isa = PBXFileReference; fileEncoding = 4; lastKnownFileType = sourcecode.swift; path = "Storyboard+Ext.swift"; sourceTree = "<group>"; };
		679DC56721EF01DA000BDCB2 /* ApplicationCoordinator.swift */ = {isa = PBXFileReference; fileEncoding = 4; lastKnownFileType = sourcecode.swift; path = ApplicationCoordinator.swift; sourceTree = "<group>"; };
		679DC56821EF01DA000BDCB2 /* Coordinator.swift */ = {isa = PBXFileReference; fileEncoding = 4; lastKnownFileType = sourcecode.swift; path = Coordinator.swift; sourceTree = "<group>"; };
		679DC56921EF01DA000BDCB2 /* AlbumDetailsCoordinator.swift */ = {isa = PBXFileReference; fileEncoding = 4; lastKnownFileType = sourcecode.swift; path = AlbumDetailsCoordinator.swift; sourceTree = "<group>"; };
		679DC56A21EF01DA000BDCB2 /* AlbumsListCoordinator.swift */ = {isa = PBXFileReference; fileEncoding = 4; lastKnownFileType = sourcecode.swift; path = AlbumsListCoordinator.swift; sourceTree = "<group>"; };
		67B0660F2211E0D900626621 /* BaseViewController.swift */ = {isa = PBXFileReference; fileEncoding = 4; lastKnownFileType = sourcecode.swift; path = BaseViewController.swift; sourceTree = "<group>"; };
		67F8598621E927EC00A1953B /* RMAlbum.swift */ = {isa = PBXFileReference; lastKnownFileType = sourcecode.swift; path = RMAlbum.swift; sourceTree = "<group>"; };
		67F8599121E9369600A1953B /* Realm+Ext.swift */ = {isa = PBXFileReference; fileEncoding = 4; lastKnownFileType = sourcecode.swift; path = "Realm+Ext.swift"; sourceTree = "<group>"; };
		67F8599B21EA6BFE00A1953B /* UIViewController+Ext.swift */ = {isa = PBXFileReference; fileEncoding = 4; lastKnownFileType = sourcecode.swift; path = "UIViewController+Ext.swift"; sourceTree = "<group>"; };
		67F859A821EA707000A1953B /* en */ = {isa = PBXFileReference; lastKnownFileType = text.plist.strings; name = en; path = en.lproj/Localizable.strings; sourceTree = "<group>"; };
		67F85A1621ED299300A1953B /* RealmStore.swift */ = {isa = PBXFileReference; fileEncoding = 4; lastKnownFileType = sourcecode.swift; path = RealmStore.swift; sourceTree = "<group>"; };
		7E2FED9E4C63E487C6E45806 /* Pods-MVVMRxSwift.release.xcconfig */ = {isa = PBXFileReference; includeInIndex = 1; lastKnownFileType = text.xcconfig; name = "Pods-MVVMRxSwift.release.xcconfig"; path = "Pods/Target Support Files/Pods-MVVMRxSwift/Pods-MVVMRxSwift.release.xcconfig"; sourceTree = "<group>"; };
		8CFCBDCC6C9CA67B300BDF55 /* Pods_MVVMRxSwiftUITests.framework */ = {isa = PBXFileReference; explicitFileType = wrapper.framework; includeInIndex = 0; path = Pods_MVVMRxSwiftUITests.framework; sourceTree = BUILT_PRODUCTS_DIR; };
		D0A70FE24B059C46B8B026E1 /* Pods_MVVMRxSwiftTests.framework */ = {isa = PBXFileReference; explicitFileType = wrapper.framework; includeInIndex = 0; path = Pods_MVVMRxSwiftTests.framework; sourceTree = BUILT_PRODUCTS_DIR; };
		D31284F921EE2BD5006E2FDF /* Album+Mapping.swift */ = {isa = PBXFileReference; fileEncoding = 4; lastKnownFileType = sourcecode.swift; path = "Album+Mapping.swift"; sourceTree = "<group>"; };
		D31284FA21EE2BD5006E2FDF /* Album.swift */ = {isa = PBXFileReference; fileEncoding = 4; lastKnownFileType = sourcecode.swift; path = Album.swift; sourceTree = "<group>"; };
		D377611821F60CB5008D1719 /* AlbumRepository.swift */ = {isa = PBXFileReference; fileEncoding = 4; lastKnownFileType = sourcecode.swift; path = AlbumRepository.swift; sourceTree = "<group>"; };
		D6BE7B943C5461F25464F50B /* Pods-MVVMRxSwiftUITests.debug.xcconfig */ = {isa = PBXFileReference; includeInIndex = 1; lastKnownFileType = text.xcconfig; name = "Pods-MVVMRxSwiftUITests.debug.xcconfig"; path = "Pods/Target Support Files/Pods-MVVMRxSwiftUITests/Pods-MVVMRxSwiftUITests.debug.xcconfig"; sourceTree = "<group>"; };
		D87E387F3D86026143E90322 /* Pods-MVVMRxSwift.debug.xcconfig */ = {isa = PBXFileReference; includeInIndex = 1; lastKnownFileType = text.xcconfig; name = "Pods-MVVMRxSwift.debug.xcconfig"; path = "Pods/Target Support Files/Pods-MVVMRxSwift/Pods-MVVMRxSwift.debug.xcconfig"; sourceTree = "<group>"; };
		F969EB09BE7FD9B6A6563F56 /* Pods_MVVMRxSwift.framework */ = {isa = PBXFileReference; explicitFileType = wrapper.framework; includeInIndex = 0; path = Pods_MVVMRxSwift.framework; sourceTree = BUILT_PRODUCTS_DIR; };
/* End PBXFileReference section */

/* Begin PBXFrameworksBuildPhase section */
		643D988D215A3AA100A4EFA2 /* Frameworks */ = {
			isa = PBXFrameworksBuildPhase;
			buildActionMask = 2147483647;
			files = (
				2F1F8F9A0EF7FF04DA8BFDB7 /* Pods_MVVMRxSwift.framework in Frameworks */,
			);
			runOnlyForDeploymentPostprocessing = 0;
		};
		643D98A1215A3AA300A4EFA2 /* Frameworks */ = {
			isa = PBXFrameworksBuildPhase;
			buildActionMask = 2147483647;
			files = (
				C3034B1D244935A926146E10 /* Pods_MVVMRxSwiftTests.framework in Frameworks */,
			);
			runOnlyForDeploymentPostprocessing = 0;
		};
		643D98AC215A3AA300A4EFA2 /* Frameworks */ = {
			isa = PBXFrameworksBuildPhase;
			buildActionMask = 2147483647;
			files = (
				A695B4B835A74D8812D74545 /* Pods_MVVMRxSwiftUITests.framework in Frameworks */,
			);
			runOnlyForDeploymentPostprocessing = 0;
		};
/* End PBXFrameworksBuildPhase section */

/* Begin PBXGroup section */
		643D9887215A3AA100A4EFA2 = {
			isa = PBXGroup;
			children = (
				643D9892215A3AA100A4EFA2 /* MVVMRxSwift */,
				643D98A7215A3AA300A4EFA2 /* MVVMRxSwiftTests */,
				643D98B2215A3AA300A4EFA2 /* MVVMRxSwiftUITests */,
				643D9891215A3AA100A4EFA2 /* Products */,
				72353D762E6C8B85537E306D /* Pods */,
				9B4E60C117B586C56C0BA11F /* Frameworks */,
			);
			sourceTree = "<group>";
		};
		643D9891215A3AA100A4EFA2 /* Products */ = {
			isa = PBXGroup;
			children = (
				643D9890215A3AA100A4EFA2 /* MVVMRxSwift.app */,
				643D98A4215A3AA300A4EFA2 /* MVVMRxSwiftTests.xctest */,
				643D98AF215A3AA300A4EFA2 /* MVVMRxSwiftUITests.xctest */,
			);
			name = Products;
			sourceTree = "<group>";
		};
		643D9892215A3AA100A4EFA2 /* MVVMRxSwift */ = {
			isa = PBXGroup;
			children = (
				679DC56621EF01B8000BDCB2 /* Coordinators */,
				670BC0F521EF9F4500B51B9A /* Features */,
				67F8598121E91FCF00A1953B /* Data */,
				670BC11A21EF9FC500B51B9A /* Services */,
				670BC11C21EF9FC500B51B9A /* Network */,
				643D98E7215A3C4000A4EFA2 /* Storage */,
				643D98E1215A3C4000A4EFA2 /* Helpers */,
				643D9893215A3AA100A4EFA2 /* AppDelegate.swift */,
				643D989C215A3AA300A4EFA2 /* LaunchScreen.storyboard */,
				643D989A215A3AA300A4EFA2 /* Assets.xcassets */,
				643D989F215A3AA300A4EFA2 /* Info.plist */,
				67F859A921EA707000A1953B /* Localizable.strings */,
			);
			path = MVVMRxSwift;
			sourceTree = "<group>";
		};
		643D98A7215A3AA300A4EFA2 /* MVVMRxSwiftTests */ = {
			isa = PBXGroup;
			children = (
				643D98A8215A3AA300A4EFA2 /* MVVMRxSwiftTests.swift */,
				643D98AA215A3AA300A4EFA2 /* Info.plist */,
			);
			path = MVVMRxSwiftTests;
			sourceTree = "<group>";
		};
		643D98B2215A3AA300A4EFA2 /* MVVMRxSwiftUITests */ = {
			isa = PBXGroup;
			children = (
				643D98B3215A3AA300A4EFA2 /* MVVMRxSwiftUITests.swift */,
				643D98B5215A3AA300A4EFA2 /* Info.plist */,
			);
			path = MVVMRxSwiftUITests;
			sourceTree = "<group>";
		};
		643D98E1215A3C4000A4EFA2 /* Helpers */ = {
			isa = PBXGroup;
			children = (
				67F8599B21EA6BFE00A1953B /* UIViewController+Ext.swift */,
				67F8599121E9369600A1953B /* Realm+Ext.swift */,
				679DC55821EE555E000BDCB2 /* Storyboard+Ext.swift */,
			);
			path = Helpers;
			sourceTree = "<group>";
		};
		643D98E7215A3C4000A4EFA2 /* Storage */ = {
			isa = PBXGroup;
			children = (
				67F85A1621ED299300A1953B /* RealmStore.swift */,
			);
			path = Storage;
			sourceTree = "<group>";
		};
		670BC0F521EF9F4500B51B9A /* Features */ = {
			isa = PBXGroup;
			children = (
				67B0660E2211E0CC00626621 /* Base */,
				D377611B21F60E25008D1719 /* Albums */,
				670BC0FF21EF9F4500B51B9A /* ValidationService.swift */,
				670BC10021EF9F4500B51B9A /* BindingExtensions.swift */,
			);
			path = Features;
			sourceTree = "<group>";
		};
		670BC0F621EF9F4500B51B9A /* AlbumDetails */ = {
			isa = PBXGroup;
			children = (
				670BC0FB21EF9F4500B51B9A /* Interactors */,
				670BC0F821EF9F4500B51B9A /* AlbumDetailsViewController.swift */,
				670BC0F721EF9F4500B51B9A /* AlbumActionViewModel.swift */,
				670BC0FE21EF9F4500B51B9A /* AddAlbumViewModel.swift */,
				670BC0FA21EF9F4500B51B9A /* UpdateAlbumViewModel.swift */,
				670BC0F921EF9F4500B51B9A /* AlbumDetailsViewController.storyboard */,
			);
			path = AlbumDetails;
			sourceTree = "<group>";
		};
		670BC0FB21EF9F4500B51B9A /* Interactors */ = {
			isa = PBXGroup;
			children = (
				670BC0FC21EF9F4500B51B9A /* AlbumUpdateInteractor.swift */,
				670BC0FD21EF9F4500B51B9A /* AlbumAddInteractor.swift */,
			);
			path = Interactors;
			sourceTree = "<group>";
		};
		670BC10121EF9F4500B51B9A /* AlbumsList */ = {
			isa = PBXGroup;
			children = (
				670BC10621EF9F4600B51B9A /* Interactors */,
				670BC10521EF9F4600B51B9A /* AlbumsListViewController.swift */,
				670BC10421EF9F4500B51B9A /* AlbumsListViewModel.swift */,
				670BC10221EF9F4500B51B9A /* AlbumsListTableCell.swift */,
				670BC10321EF9F4500B51B9A /* AlbumsListViewController.storyboard */,
			);
			path = AlbumsList;
			sourceTree = "<group>";
		};
		670BC10621EF9F4600B51B9A /* Interactors */ = {
			isa = PBXGroup;
			children = (
				670BC10721EF9F4600B51B9A /* AlbumsListInteractor.swift */,
				670BC10821EF9F4600B51B9A /* AlbumDeleteInteractor.swift */,
			);
			path = Interactors;
			sourceTree = "<group>";
		};
		670BC11A21EF9FC500B51B9A /* Services */ = {
			isa = PBXGroup;
			children = (
				D377611A21F60D09008D1719 /* Album */,
			);
			path = Services;
			sourceTree = "<group>";
		};
		670BC11C21EF9FC500B51B9A /* Network */ = {
			isa = PBXGroup;
			children = (
				670BC12321EF9FC500B51B9A /* Configuration.swift */,
				671D7507220B269000038A09 /* Router.swift */,
				670BC12021EF9FC500B51B9A /* Network.swift */,
				670BC11F21EF9FC500B51B9A /* Error.swift */,
				670BC12221EF9FC500B51B9A /* ErrorMessage.swift */,
			);
			path = Network;
			sourceTree = "<group>";
		};
		677A436221F64AB6007CD2C9 /* Albums */ = {
			isa = PBXGroup;
			children = (
				679DC56A21EF01DA000BDCB2 /* AlbumsListCoordinator.swift */,
				679DC56921EF01DA000BDCB2 /* AlbumDetailsCoordinator.swift */,
			);
			path = Albums;
			sourceTree = "<group>";
		};
		679DC56621EF01B8000BDCB2 /* Coordinators */ = {
			isa = PBXGroup;
			children = (
				679DC56821EF01DA000BDCB2 /* Coordinator.swift */,
				679DC56721EF01DA000BDCB2 /* ApplicationCoordinator.swift */,
				677A436221F64AB6007CD2C9 /* Albums */,
			);
			path = Coordinators;
			sourceTree = "<group>";
		};
		67B0660E2211E0CC00626621 /* Base */ = {
			isa = PBXGroup;
			children = (
				67B0660F2211E0D900626621 /* BaseViewController.swift */,
			);
			path = Base;
			sourceTree = "<group>";
		};
		67F8598121E91FCF00A1953B /* Data */ = {
			isa = PBXGroup;
			children = (
				D31284F421EE2BD5006E2FDF /* Repositories */,
				67F8598221E91FD900A1953B /* Realm */,
			);
			path = Data;
			sourceTree = "<group>";
		};
		67F8598221E91FD900A1953B /* Realm */ = {
			isa = PBXGroup;
			children = (
				67F8598521E927A500A1953B /* Album */,
			);
			path = Realm;
			sourceTree = "<group>";
		};
		67F8598521E927A500A1953B /* Album */ = {
			isa = PBXGroup;
			children = (
				67F8598621E927EC00A1953B /* RMAlbum.swift */,
			);
			path = Album;
			sourceTree = "<group>";
		};
		72353D762E6C8B85537E306D /* Pods */ = {
			isa = PBXGroup;
			children = (
				D87E387F3D86026143E90322 /* Pods-MVVMRxSwift.debug.xcconfig */,
				7E2FED9E4C63E487C6E45806 /* Pods-MVVMRxSwift.release.xcconfig */,
				64BB29731EB6465DD05DA113 /* Pods-MVVMRxSwiftTests.debug.xcconfig */,
				45D6A2B9660E56B595665903 /* Pods-MVVMRxSwiftTests.release.xcconfig */,
				D6BE7B943C5461F25464F50B /* Pods-MVVMRxSwiftUITests.debug.xcconfig */,
				4AEBEFA6A5A71237A295F5A7 /* Pods-MVVMRxSwiftUITests.release.xcconfig */,
			);
			name = Pods;
			sourceTree = "<group>";
		};
		9B4E60C117B586C56C0BA11F /* Frameworks */ = {
			isa = PBXGroup;
			children = (
				F969EB09BE7FD9B6A6563F56 /* Pods_MVVMRxSwift.framework */,
				D0A70FE24B059C46B8B026E1 /* Pods_MVVMRxSwiftTests.framework */,
				8CFCBDCC6C9CA67B300BDF55 /* Pods_MVVMRxSwiftUITests.framework */,
			);
			name = Frameworks;
			sourceTree = "<group>";
		};
		D31284F421EE2BD5006E2FDF /* Repositories */ = {
			isa = PBXGroup;
			children = (
				D377611621F60B51008D1719 /* AlbumRepository */,
			);
			path = Repositories;
			sourceTree = "<group>";
		};
		D31284F821EE2BD5006E2FDF /* Album */ = {
			isa = PBXGroup;
			children = (
				D31284F921EE2BD5006E2FDF /* Album+Mapping.swift */,
				D31284FA21EE2BD5006E2FDF /* Album.swift */,
			);
			path = Album;
			sourceTree = "<group>";
		};
		D377611621F60B51008D1719 /* AlbumRepository */ = {
			isa = PBXGroup;
			children = (
				D377611821F60CB5008D1719 /* AlbumRepository.swift */,
				D31284F821EE2BD5006E2FDF /* Album */,
			);
			path = AlbumRepository;
			sourceTree = "<group>";
		};
		D377611A21F60D09008D1719 /* Album */ = {
			isa = PBXGroup;
			children = (
				670BC11B21EF9FC500B51B9A /* AlbumService.swift */,
				670BC12C21EFA73000B51B9A /* AlbumServiceMock.swift */,
			);
			path = Album;
			sourceTree = "<group>";
		};
		D377611B21F60E25008D1719 /* Albums */ = {
			isa = PBXGroup;
			children = (
				670BC10921EF9F4600B51B9A /* AlbumsDependanciesProvider.swift */,
				670BC10121EF9F4500B51B9A /* AlbumsList */,
				670BC0F621EF9F4500B51B9A /* AlbumDetails */,
			);
			path = Albums;
			sourceTree = "<group>";
		};
/* End PBXGroup section */

/* Begin PBXNativeTarget section */
		643D988F215A3AA100A4EFA2 /* MVVMRxSwift */ = {
			isa = PBXNativeTarget;
			buildConfigurationList = 643D98B8215A3AA300A4EFA2 /* Build configuration list for PBXNativeTarget "MVVMRxSwift" */;
			buildPhases = (
				67B0664F2222680000626621 /* ShellScript */,
				30359D76394D26C226CAC3AB /* [CP] Check Pods Manifest.lock */,
				643D988C215A3AA100A4EFA2 /* Sources */,
				643D988D215A3AA100A4EFA2 /* Frameworks */,
				643D988E215A3AA100A4EFA2 /* Resources */,
				BEA09405CA021445CC032B8B /* [CP] Embed Pods Frameworks */,
				57FCD4081E1F093078FB50A4 /* [CP] Copy Pods Resources */,
			);
			buildRules = (
			);
			dependencies = (
			);
			name = MVVMRxSwift;
			productName = MVVMRxSwift;
			productReference = 643D9890215A3AA100A4EFA2 /* MVVMRxSwift.app */;
			productType = "com.apple.product-type.application";
		};
		643D98A3215A3AA300A4EFA2 /* MVVMRxSwiftTests */ = {
			isa = PBXNativeTarget;
			buildConfigurationList = 643D98BB215A3AA300A4EFA2 /* Build configuration list for PBXNativeTarget "MVVMRxSwiftTests" */;
			buildPhases = (
				78069BBFD30C08CAECF595AE /* [CP] Check Pods Manifest.lock */,
				643D98A0215A3AA300A4EFA2 /* Sources */,
				643D98A1215A3AA300A4EFA2 /* Frameworks */,
				643D98A2215A3AA300A4EFA2 /* Resources */,
				84FF603B678C8F8146321A9C /* [CP] Embed Pods Frameworks */,
				516063FF54447CD90FBBB0C8 /* [CP] Copy Pods Resources */,
			);
			buildRules = (
			);
			dependencies = (
				643D98A6215A3AA300A4EFA2 /* PBXTargetDependency */,
			);
			name = MVVMRxSwiftTests;
			productName = MVVMRxSwiftTests;
			productReference = 643D98A4215A3AA300A4EFA2 /* MVVMRxSwiftTests.xctest */;
			productType = "com.apple.product-type.bundle.unit-test";
		};
		643D98AE215A3AA300A4EFA2 /* MVVMRxSwiftUITests */ = {
			isa = PBXNativeTarget;
			buildConfigurationList = 643D98BE215A3AA300A4EFA2 /* Build configuration list for PBXNativeTarget "MVVMRxSwiftUITests" */;
			buildPhases = (
				D86C6D318BF7C0E7F823E9FA /* [CP] Check Pods Manifest.lock */,
				643D98AB215A3AA300A4EFA2 /* Sources */,
				643D98AC215A3AA300A4EFA2 /* Frameworks */,
				643D98AD215A3AA300A4EFA2 /* Resources */,
				AAA9BFC3922DF3C5E3881C59 /* [CP] Embed Pods Frameworks */,
				1BC210312F00E6371F2402DA /* [CP] Copy Pods Resources */,
			);
			buildRules = (
			);
			dependencies = (
				643D98B1215A3AA300A4EFA2 /* PBXTargetDependency */,
			);
			name = MVVMRxSwiftUITests;
			productName = MVVMRxSwiftUITests;
			productReference = 643D98AF215A3AA300A4EFA2 /* MVVMRxSwiftUITests.xctest */;
			productType = "com.apple.product-type.bundle.ui-testing";
		};
/* End PBXNativeTarget section */

/* Begin PBXProject section */
		643D9888215A3AA100A4EFA2 /* Project object */ = {
			isa = PBXProject;
			attributes = {
				LastSwiftUpdateCheck = 1000;
				LastUpgradeCheck = 1000;
				ORGANIZATIONNAME = "Robert Baronas";
				TargetAttributes = {
					643D988F215A3AA100A4EFA2 = {
						CreatedOnToolsVersion = 10.0;
					};
					643D98A3215A3AA300A4EFA2 = {
						CreatedOnToolsVersion = 10.0;
						TestTargetID = 643D988F215A3AA100A4EFA2;
					};
					643D98AE215A3AA300A4EFA2 = {
						CreatedOnToolsVersion = 10.0;
						TestTargetID = 643D988F215A3AA100A4EFA2;
					};
				};
			};
			buildConfigurationList = 643D988B215A3AA100A4EFA2 /* Build configuration list for PBXProject "MVVMRxSwift" */;
			compatibilityVersion = "Xcode 9.3";
			developmentRegion = en;
			hasScannedForEncodings = 0;
			knownRegions = (
				en,
				Base,
			);
			mainGroup = 643D9887215A3AA100A4EFA2;
			productRefGroup = 643D9891215A3AA100A4EFA2 /* Products */;
			projectDirPath = "";
			projectRoot = "";
			targets = (
				643D988F215A3AA100A4EFA2 /* MVVMRxSwift */,
				643D98A3215A3AA300A4EFA2 /* MVVMRxSwiftTests */,
				643D98AE215A3AA300A4EFA2 /* MVVMRxSwiftUITests */,
			);
		};
/* End PBXProject section */

/* Begin PBXResourcesBuildPhase section */
		643D988E215A3AA100A4EFA2 /* Resources */ = {
			isa = PBXResourcesBuildPhase;
			buildActionMask = 2147483647;
			files = (
				643D989E215A3AA300A4EFA2 /* LaunchScreen.storyboard in Resources */,
				67F859A721EA707000A1953B /* Localizable.strings in Resources */,
				643D989B215A3AA300A4EFA2 /* Assets.xcassets in Resources */,
				670BC11421EF9F4600B51B9A /* AlbumsListViewController.storyboard in Resources */,
				670BC10C21EF9F4600B51B9A /* AlbumDetailsViewController.storyboard in Resources */,
			);
			runOnlyForDeploymentPostprocessing = 0;
		};
		643D98A2215A3AA300A4EFA2 /* Resources */ = {
			isa = PBXResourcesBuildPhase;
			buildActionMask = 2147483647;
			files = (
			);
			runOnlyForDeploymentPostprocessing = 0;
		};
		643D98AD215A3AA300A4EFA2 /* Resources */ = {
			isa = PBXResourcesBuildPhase;
			buildActionMask = 2147483647;
			files = (
			);
			runOnlyForDeploymentPostprocessing = 0;
		};
/* End PBXResourcesBuildPhase section */

/* Begin PBXShellScriptBuildPhase section */
		1BC210312F00E6371F2402DA /* [CP] Copy Pods Resources */ = {
			isa = PBXShellScriptBuildPhase;
			buildActionMask = 2147483647;
			files = (
			);
			inputPaths = (
			);
			name = "[CP] Copy Pods Resources";
			outputPaths = (
			);
			runOnlyForDeploymentPostprocessing = 0;
			shellPath = /bin/sh;
			shellScript = "\"${SRCROOT}/Pods/Target Support Files/Pods-MVVMRxSwiftUITests/Pods-MVVMRxSwiftUITests-resources.sh\"\n";
			showEnvVarsInLog = 0;
		};
		30359D76394D26C226CAC3AB /* [CP] Check Pods Manifest.lock */ = {
			isa = PBXShellScriptBuildPhase;
			buildActionMask = 2147483647;
			files = (
			);
			inputPaths = (
				"${PODS_PODFILE_DIR_PATH}/Podfile.lock",
				"${PODS_ROOT}/Manifest.lock",
			);
			name = "[CP] Check Pods Manifest.lock";
			outputPaths = (
				"$(DERIVED_FILE_DIR)/Pods-MVVMRxSwift-checkManifestLockResult.txt",
			);
			runOnlyForDeploymentPostprocessing = 0;
			shellPath = /bin/sh;
			shellScript = "diff \"${PODS_PODFILE_DIR_PATH}/Podfile.lock\" \"${PODS_ROOT}/Manifest.lock\" > /dev/null\nif [ $? != 0 ] ; then\n    # print error to STDERR\n    echo \"error: The sandbox is not in sync with the Podfile.lock. Run 'pod install' or update your CocoaPods installation.\" >&2\n    exit 1\nfi\n# This output is used by Xcode 'outputs' to avoid re-running this script phase.\necho \"SUCCESS\" > \"${SCRIPT_OUTPUT_FILE_0}\"\n";
			showEnvVarsInLog = 0;
		};
		516063FF54447CD90FBBB0C8 /* [CP] Copy Pods Resources */ = {
			isa = PBXShellScriptBuildPhase;
			buildActionMask = 2147483647;
			files = (
			);
			inputPaths = (
			);
			name = "[CP] Copy Pods Resources";
			outputPaths = (
			);
			runOnlyForDeploymentPostprocessing = 0;
			shellPath = /bin/sh;
			shellScript = "\"${SRCROOT}/Pods/Target Support Files/Pods-MVVMRxSwiftTests/Pods-MVVMRxSwiftTests-resources.sh\"\n";
			showEnvVarsInLog = 0;
		};
		57FCD4081E1F093078FB50A4 /* [CP] Copy Pods Resources */ = {
			isa = PBXShellScriptBuildPhase;
			buildActionMask = 2147483647;
			files = (
			);
			inputPaths = (
			);
			name = "[CP] Copy Pods Resources";
			outputPaths = (
			);
			runOnlyForDeploymentPostprocessing = 0;
			shellPath = /bin/sh;
			shellScript = "\"${SRCROOT}/Pods/Target Support Files/Pods-MVVMRxSwift/Pods-MVVMRxSwift-resources.sh\"\n";
			showEnvVarsInLog = 0;
		};
		67B0664F2222680000626621 /* ShellScript */ = {
			isa = PBXShellScriptBuildPhase;
			buildActionMask = 2147483647;
			files = (
			);
			inputPaths = (
			);
			outputPaths = (
			);
			runOnlyForDeploymentPostprocessing = 0;
			shellPath = /bin/sh;
			shellScript = "\"${PODS_ROOT}/SwiftLint/swiftlint\"\n";
		};
		78069BBFD30C08CAECF595AE /* [CP] Check Pods Manifest.lock */ = {
			isa = PBXShellScriptBuildPhase;
			buildActionMask = 2147483647;
			files = (
			);
			inputPaths = (
				"${PODS_PODFILE_DIR_PATH}/Podfile.lock",
				"${PODS_ROOT}/Manifest.lock",
			);
			name = "[CP] Check Pods Manifest.lock";
			outputPaths = (
				"$(DERIVED_FILE_DIR)/Pods-MVVMRxSwiftTests-checkManifestLockResult.txt",
			);
			runOnlyForDeploymentPostprocessing = 0;
			shellPath = /bin/sh;
			shellScript = "diff \"${PODS_PODFILE_DIR_PATH}/Podfile.lock\" \"${PODS_ROOT}/Manifest.lock\" > /dev/null\nif [ $? != 0 ] ; then\n    # print error to STDERR\n    echo \"error: The sandbox is not in sync with the Podfile.lock. Run 'pod install' or update your CocoaPods installation.\" >&2\n    exit 1\nfi\n# This output is used by Xcode 'outputs' to avoid re-running this script phase.\necho \"SUCCESS\" > \"${SCRIPT_OUTPUT_FILE_0}\"\n";
			showEnvVarsInLog = 0;
		};
		84FF603B678C8F8146321A9C /* [CP] Embed Pods Frameworks */ = {
			isa = PBXShellScriptBuildPhase;
			buildActionMask = 2147483647;
			files = (
			);
			inputPaths = (
				"${SRCROOT}/Pods/Target Support Files/Pods-MVVMRxSwiftTests/Pods-MVVMRxSwiftTests-frameworks.sh",
				"${BUILT_PRODUCTS_DIR}/RxAtomic/RxAtomic.framework",
				"${BUILT_PRODUCTS_DIR}/RxSwift/RxSwift.framework",
				"${BUILT_PRODUCTS_DIR}/RxBlocking/RxBlocking.framework",
				"${BUILT_PRODUCTS_DIR}/RxTest/RxTest.framework",
			);
			name = "[CP] Embed Pods Frameworks";
			outputPaths = (
				"${TARGET_BUILD_DIR}/${FRAMEWORKS_FOLDER_PATH}/RxAtomic.framework",
				"${TARGET_BUILD_DIR}/${FRAMEWORKS_FOLDER_PATH}/RxSwift.framework",
				"${TARGET_BUILD_DIR}/${FRAMEWORKS_FOLDER_PATH}/RxBlocking.framework",
				"${TARGET_BUILD_DIR}/${FRAMEWORKS_FOLDER_PATH}/RxTest.framework",
			);
			runOnlyForDeploymentPostprocessing = 0;
			shellPath = /bin/sh;
			shellScript = "\"${SRCROOT}/Pods/Target Support Files/Pods-MVVMRxSwiftTests/Pods-MVVMRxSwiftTests-frameworks.sh\"\n";
			showEnvVarsInLog = 0;
		};
		AAA9BFC3922DF3C5E3881C59 /* [CP] Embed Pods Frameworks */ = {
			isa = PBXShellScriptBuildPhase;
			buildActionMask = 2147483647;
			files = (
			);
			inputPaths = (
			);
			name = "[CP] Embed Pods Frameworks";
			outputPaths = (
			);
			runOnlyForDeploymentPostprocessing = 0;
			shellPath = /bin/sh;
			shellScript = "\"${SRCROOT}/Pods/Target Support Files/Pods-MVVMRxSwiftUITests/Pods-MVVMRxSwiftUITests-frameworks.sh\"\n";
			showEnvVarsInLog = 0;
		};
		BEA09405CA021445CC032B8B /* [CP] Embed Pods Frameworks */ = {
			isa = PBXShellScriptBuildPhase;
			buildActionMask = 2147483647;
			files = (
			);
			inputPaths = (
				"${SRCROOT}/Pods/Target Support Files/Pods-MVVMRxSwift/Pods-MVVMRxSwift-frameworks.sh",
				"${BUILT_PRODUCTS_DIR}/Alamofire/Alamofire.framework",
				"${BUILT_PRODUCTS_DIR}/NVActivityIndicatorView/NVActivityIndicatorView.framework",
				"${BUILT_PRODUCTS_DIR}/ReachabilitySwift/Reachability.framework",
				"${BUILT_PRODUCTS_DIR}/Realm/Realm.framework",
				"${BUILT_PRODUCTS_DIR}/RealmSwift/RealmSwift.framework",
				"${BUILT_PRODUCTS_DIR}/RxAtomic/RxAtomic.framework",
				"${BUILT_PRODUCTS_DIR}/RxCocoa/RxCocoa.framework",
				"${BUILT_PRODUCTS_DIR}/RxKeyboard/RxKeyboard.framework",
				"${BUILT_PRODUCTS_DIR}/RxReachability/RxReachability.framework",
				"${BUILT_PRODUCTS_DIR}/RxRealm/RxRealm.framework",
				"${BUILT_PRODUCTS_DIR}/RxSwift/RxSwift.framework",
				"${BUILT_PRODUCTS_DIR}/SwiftMessages/SwiftMessages.framework",
			);
			name = "[CP] Embed Pods Frameworks";
			outputPaths = (
				"${TARGET_BUILD_DIR}/${FRAMEWORKS_FOLDER_PATH}/Alamofire.framework",
				"${TARGET_BUILD_DIR}/${FRAMEWORKS_FOLDER_PATH}/NVActivityIndicatorView.framework",
				"${TARGET_BUILD_DIR}/${FRAMEWORKS_FOLDER_PATH}/Reachability.framework",
				"${TARGET_BUILD_DIR}/${FRAMEWORKS_FOLDER_PATH}/Realm.framework",
				"${TARGET_BUILD_DIR}/${FRAMEWORKS_FOLDER_PATH}/RealmSwift.framework",
				"${TARGET_BUILD_DIR}/${FRAMEWORKS_FOLDER_PATH}/RxAtomic.framework",
				"${TARGET_BUILD_DIR}/${FRAMEWORKS_FOLDER_PATH}/RxCocoa.framework",
				"${TARGET_BUILD_DIR}/${FRAMEWORKS_FOLDER_PATH}/RxKeyboard.framework",
				"${TARGET_BUILD_DIR}/${FRAMEWORKS_FOLDER_PATH}/RxReachability.framework",
				"${TARGET_BUILD_DIR}/${FRAMEWORKS_FOLDER_PATH}/RxRealm.framework",
				"${TARGET_BUILD_DIR}/${FRAMEWORKS_FOLDER_PATH}/RxSwift.framework",
				"${TARGET_BUILD_DIR}/${FRAMEWORKS_FOLDER_PATH}/SwiftMessages.framework",
			);
			runOnlyForDeploymentPostprocessing = 0;
			shellPath = /bin/sh;
			shellScript = "\"${SRCROOT}/Pods/Target Support Files/Pods-MVVMRxSwift/Pods-MVVMRxSwift-frameworks.sh\"\n";
			showEnvVarsInLog = 0;
		};
		D86C6D318BF7C0E7F823E9FA /* [CP] Check Pods Manifest.lock */ = {
			isa = PBXShellScriptBuildPhase;
			buildActionMask = 2147483647;
			files = (
			);
			inputPaths = (
				"${PODS_PODFILE_DIR_PATH}/Podfile.lock",
				"${PODS_ROOT}/Manifest.lock",
			);
			name = "[CP] Check Pods Manifest.lock";
			outputPaths = (
				"$(DERIVED_FILE_DIR)/Pods-MVVMRxSwiftUITests-checkManifestLockResult.txt",
			);
			runOnlyForDeploymentPostprocessing = 0;
			shellPath = /bin/sh;
			shellScript = "diff \"${PODS_PODFILE_DIR_PATH}/Podfile.lock\" \"${PODS_ROOT}/Manifest.lock\" > /dev/null\nif [ $? != 0 ] ; then\n    # print error to STDERR\n    echo \"error: The sandbox is not in sync with the Podfile.lock. Run 'pod install' or update your CocoaPods installation.\" >&2\n    exit 1\nfi\n# This output is used by Xcode 'outputs' to avoid re-running this script phase.\necho \"SUCCESS\" > \"${SCRIPT_OUTPUT_FILE_0}\"\n";
			showEnvVarsInLog = 0;
		};
/* End PBXShellScriptBuildPhase section */

/* Begin PBXSourcesBuildPhase section */
		643D988C215A3AA100A4EFA2 /* Sources */ = {
			isa = PBXSourcesBuildPhase;
			buildActionMask = 2147483647;
			files = (
				67F8599F21EA6BFE00A1953B /* UIViewController+Ext.swift in Sources */,
				670BC12D21EFA73000B51B9A /* AlbumServiceMock.swift in Sources */,
				670BC11921EF9F4600B51B9A /* AlbumsDependanciesProvider.swift in Sources */,
				679DC56E21EF01DA000BDCB2 /* AlbumsListCoordinator.swift in Sources */,
				67B066102211E0D900626621 /* BaseViewController.swift in Sources */,
				679DC56C21EF01DA000BDCB2 /* Coordinator.swift in Sources */,
				670BC11821EF9F4600B51B9A /* AlbumDeleteInteractor.swift in Sources */,
				D377611921F60CB5008D1719 /* AlbumRepository.swift in Sources */,
				67F8598721E927EC00A1953B /* RMAlbum.swift in Sources */,
				670BC11121EF9F4600B51B9A /* ValidationService.swift in Sources */,
				670BC11221EF9F4600B51B9A /* BindingExtensions.swift in Sources */,
				670BC12421EF9FC500B51B9A /* AlbumService.swift in Sources */,
				67F85A1721ED299300A1953B /* RealmStore.swift in Sources */,
				670BC12B21EF9FC500B51B9A /* Configuration.swift in Sources */,
				670BC10D21EF9F4600B51B9A /* UpdateAlbumViewModel.swift in Sources */,
				670BC12A21EF9FC500B51B9A /* ErrorMessage.swift in Sources */,
				670BC10F21EF9F4600B51B9A /* AlbumAddInteractor.swift in Sources */,
				670BC10B21EF9F4600B51B9A /* AlbumDetailsViewController.swift in Sources */,
				679DC56B21EF01DA000BDCB2 /* ApplicationCoordinator.swift in Sources */,
				670BC11521EF9F4600B51B9A /* AlbumsListViewModel.swift in Sources */,
				670BC11721EF9F4600B51B9A /* AlbumsListInteractor.swift in Sources */,
				670BC11321EF9F4600B51B9A /* AlbumsListTableCell.swift in Sources */,
				671D7508220B269000038A09 /* Router.swift in Sources */,
				670BC10A21EF9F4600B51B9A /* AlbumActionViewModel.swift in Sources */,
				D31284FD21EE2BD5006E2FDF /* Album.swift in Sources */,
				679DC56D21EF01DA000BDCB2 /* AlbumDetailsCoordinator.swift in Sources */,
				670BC12821EF9FC500B51B9A /* Network.swift in Sources */,
				670BC10E21EF9F4600B51B9A /* AlbumUpdateInteractor.swift in Sources */,
				670BC11021EF9F4600B51B9A /* AddAlbumViewModel.swift in Sources */,
				670BC11621EF9F4600B51B9A /* AlbumsListViewController.swift in Sources */,
				67F8599221E9369600A1953B /* Realm+Ext.swift in Sources */,
				679DC55921EE555E000BDCB2 /* Storyboard+Ext.swift in Sources */,
				D31284FC21EE2BD5006E2FDF /* Album+Mapping.swift in Sources */,
				670BC12721EF9FC500B51B9A /* Error.swift in Sources */,
				643D9894215A3AA100A4EFA2 /* AppDelegate.swift in Sources */,
			);
			runOnlyForDeploymentPostprocessing = 0;
		};
		643D98A0215A3AA300A4EFA2 /* Sources */ = {
			isa = PBXSourcesBuildPhase;
			buildActionMask = 2147483647;
			files = (
				643D98A9215A3AA300A4EFA2 /* MVVMRxSwiftTests.swift in Sources */,
			);
			runOnlyForDeploymentPostprocessing = 0;
		};
		643D98AB215A3AA300A4EFA2 /* Sources */ = {
			isa = PBXSourcesBuildPhase;
			buildActionMask = 2147483647;
			files = (
				678F464D21FE102000B95538 /* MVVMRxSwiftUITests.swift in Sources */,
			);
			runOnlyForDeploymentPostprocessing = 0;
		};
/* End PBXSourcesBuildPhase section */

/* Begin PBXTargetDependency section */
		643D98A6215A3AA300A4EFA2 /* PBXTargetDependency */ = {
			isa = PBXTargetDependency;
			target = 643D988F215A3AA100A4EFA2 /* MVVMRxSwift */;
			targetProxy = 643D98A5215A3AA300A4EFA2 /* PBXContainerItemProxy */;
		};
		643D98B1215A3AA300A4EFA2 /* PBXTargetDependency */ = {
			isa = PBXTargetDependency;
			target = 643D988F215A3AA100A4EFA2 /* MVVMRxSwift */;
			targetProxy = 643D98B0215A3AA300A4EFA2 /* PBXContainerItemProxy */;
		};
/* End PBXTargetDependency section */

/* Begin PBXVariantGroup section */
		643D989C215A3AA300A4EFA2 /* LaunchScreen.storyboard */ = {
			isa = PBXVariantGroup;
			children = (
				643D989D215A3AA300A4EFA2 /* Base */,
			);
			name = LaunchScreen.storyboard;
			sourceTree = "<group>";
		};
		67F859A921EA707000A1953B /* Localizable.strings */ = {
			isa = PBXVariantGroup;
			children = (
				67F859A821EA707000A1953B /* en */,
			);
			name = Localizable.strings;
			sourceTree = "<group>";
		};
/* End PBXVariantGroup section */

/* Begin XCBuildConfiguration section */
		643D98B6215A3AA300A4EFA2 /* Debug */ = {
			isa = XCBuildConfiguration;
			buildSettings = {
				ALWAYS_SEARCH_USER_PATHS = NO;
				CLANG_ANALYZER_LOCALIZABILITY_NONLOCALIZED = YES;
				CLANG_ANALYZER_NONNULL = YES;
				CLANG_ANALYZER_NUMBER_OBJECT_CONVERSION = YES_AGGRESSIVE;
				CLANG_CXX_LANGUAGE_STANDARD = "gnu++14";
				CLANG_CXX_LIBRARY = "libc++";
				CLANG_ENABLE_MODULES = YES;
				CLANG_ENABLE_OBJC_ARC = YES;
				CLANG_ENABLE_OBJC_WEAK = YES;
				CLANG_WARN_BLOCK_CAPTURE_AUTORELEASING = YES;
				CLANG_WARN_BOOL_CONVERSION = YES;
				CLANG_WARN_COMMA = YES;
				CLANG_WARN_CONSTANT_CONVERSION = YES;
				CLANG_WARN_DEPRECATED_OBJC_IMPLEMENTATIONS = YES;
				CLANG_WARN_DIRECT_OBJC_ISA_USAGE = YES_ERROR;
				CLANG_WARN_DOCUMENTATION_COMMENTS = YES;
				CLANG_WARN_EMPTY_BODY = YES;
				CLANG_WARN_ENUM_CONVERSION = YES;
				CLANG_WARN_INFINITE_RECURSION = YES;
				CLANG_WARN_INT_CONVERSION = YES;
				CLANG_WARN_NON_LITERAL_NULL_CONVERSION = YES;
				CLANG_WARN_OBJC_IMPLICIT_RETAIN_SELF = YES;
				CLANG_WARN_OBJC_LITERAL_CONVERSION = YES;
				CLANG_WARN_OBJC_ROOT_CLASS = YES_ERROR;
				CLANG_WARN_RANGE_LOOP_ANALYSIS = YES;
				CLANG_WARN_STRICT_PROTOTYPES = YES;
				CLANG_WARN_SUSPICIOUS_MOVE = YES;
				CLANG_WARN_UNGUARDED_AVAILABILITY = YES_AGGRESSIVE;
				CLANG_WARN_UNREACHABLE_CODE = YES;
				CLANG_WARN__DUPLICATE_METHOD_MATCH = YES;
				CODE_SIGN_IDENTITY = "iPhone Developer";
				COPY_PHASE_STRIP = NO;
				DEBUG_INFORMATION_FORMAT = dwarf;
				ENABLE_STRICT_OBJC_MSGSEND = YES;
				ENABLE_TESTABILITY = YES;
				GCC_C_LANGUAGE_STANDARD = gnu11;
				GCC_DYNAMIC_NO_PIC = NO;
				GCC_NO_COMMON_BLOCKS = YES;
				GCC_OPTIMIZATION_LEVEL = 0;
				GCC_PREPROCESSOR_DEFINITIONS = (
					"DEBUG=1",
					"$(inherited)",
				);
				GCC_WARN_64_TO_32_BIT_CONVERSION = YES;
				GCC_WARN_ABOUT_RETURN_TYPE = YES_ERROR;
				GCC_WARN_UNDECLARED_SELECTOR = YES;
				GCC_WARN_UNINITIALIZED_AUTOS = YES_AGGRESSIVE;
				GCC_WARN_UNUSED_FUNCTION = YES;
				GCC_WARN_UNUSED_VARIABLE = YES;
				IPHONEOS_DEPLOYMENT_TARGET = 12.0;
				MTL_ENABLE_DEBUG_INFO = INCLUDE_SOURCE;
				MTL_FAST_MATH = YES;
				ONLY_ACTIVE_ARCH = YES;
				SDKROOT = iphoneos;
				SWIFT_ACTIVE_COMPILATION_CONDITIONS = DEBUG;
				SWIFT_OPTIMIZATION_LEVEL = "-Onone";
			};
			name = Debug;
		};
		643D98B7215A3AA300A4EFA2 /* Release */ = {
			isa = XCBuildConfiguration;
			buildSettings = {
				ALWAYS_SEARCH_USER_PATHS = NO;
				CLANG_ANALYZER_LOCALIZABILITY_NONLOCALIZED = YES;
				CLANG_ANALYZER_NONNULL = YES;
				CLANG_ANALYZER_NUMBER_OBJECT_CONVERSION = YES_AGGRESSIVE;
				CLANG_CXX_LANGUAGE_STANDARD = "gnu++14";
				CLANG_CXX_LIBRARY = "libc++";
				CLANG_ENABLE_MODULES = YES;
				CLANG_ENABLE_OBJC_ARC = YES;
				CLANG_ENABLE_OBJC_WEAK = YES;
				CLANG_WARN_BLOCK_CAPTURE_AUTORELEASING = YES;
				CLANG_WARN_BOOL_CONVERSION = YES;
				CLANG_WARN_COMMA = YES;
				CLANG_WARN_CONSTANT_CONVERSION = YES;
				CLANG_WARN_DEPRECATED_OBJC_IMPLEMENTATIONS = YES;
				CLANG_WARN_DIRECT_OBJC_ISA_USAGE = YES_ERROR;
				CLANG_WARN_DOCUMENTATION_COMMENTS = YES;
				CLANG_WARN_EMPTY_BODY = YES;
				CLANG_WARN_ENUM_CONVERSION = YES;
				CLANG_WARN_INFINITE_RECURSION = YES;
				CLANG_WARN_INT_CONVERSION = YES;
				CLANG_WARN_NON_LITERAL_NULL_CONVERSION = YES;
				CLANG_WARN_OBJC_IMPLICIT_RETAIN_SELF = YES;
				CLANG_WARN_OBJC_LITERAL_CONVERSION = YES;
				CLANG_WARN_OBJC_ROOT_CLASS = YES_ERROR;
				CLANG_WARN_RANGE_LOOP_ANALYSIS = YES;
				CLANG_WARN_STRICT_PROTOTYPES = YES;
				CLANG_WARN_SUSPICIOUS_MOVE = YES;
				CLANG_WARN_UNGUARDED_AVAILABILITY = YES_AGGRESSIVE;
				CLANG_WARN_UNREACHABLE_CODE = YES;
				CLANG_WARN__DUPLICATE_METHOD_MATCH = YES;
				CODE_SIGN_IDENTITY = "iPhone Developer";
				COPY_PHASE_STRIP = NO;
				DEBUG_INFORMATION_FORMAT = "dwarf-with-dsym";
				ENABLE_NS_ASSERTIONS = NO;
				ENABLE_STRICT_OBJC_MSGSEND = YES;
				GCC_C_LANGUAGE_STANDARD = gnu11;
				GCC_NO_COMMON_BLOCKS = YES;
				GCC_WARN_64_TO_32_BIT_CONVERSION = YES;
				GCC_WARN_ABOUT_RETURN_TYPE = YES_ERROR;
				GCC_WARN_UNDECLARED_SELECTOR = YES;
				GCC_WARN_UNINITIALIZED_AUTOS = YES_AGGRESSIVE;
				GCC_WARN_UNUSED_FUNCTION = YES;
				GCC_WARN_UNUSED_VARIABLE = YES;
				IPHONEOS_DEPLOYMENT_TARGET = 12.0;
				MTL_ENABLE_DEBUG_INFO = NO;
				MTL_FAST_MATH = YES;
				SDKROOT = iphoneos;
				SWIFT_COMPILATION_MODE = wholemodule;
				SWIFT_OPTIMIZATION_LEVEL = "-O";
				VALIDATE_PRODUCT = YES;
			};
			name = Release;
		};
		643D98B9215A3AA300A4EFA2 /* Debug */ = {
			isa = XCBuildConfiguration;
			baseConfigurationReference = D87E387F3D86026143E90322 /* Pods-MVVMRxSwift.debug.xcconfig */;
			buildSettings = {
				ASSETCATALOG_COMPILER_APPICON_NAME = AppIcon;
				CODE_SIGN_STYLE = Automatic;
				DEVELOPMENT_TEAM = 9WVXMKT8E7;
				INFOPLIST_FILE = MVVMRxSwift/Info.plist;
				LD_RUNPATH_SEARCH_PATHS = (
					"$(inherited)",
					"@executable_path/Frameworks",
				);
				PRODUCT_BUNDLE_IDENTIFIER = Smarter.MVVMRxSwift;
				PRODUCT_NAME = "$(TARGET_NAME)";
				SWIFT_VERSION = 4.2;
				TARGETED_DEVICE_FAMILY = "1,2";
			};
			name = Debug;
		};
		643D98BA215A3AA300A4EFA2 /* Release */ = {
			isa = XCBuildConfiguration;
			baseConfigurationReference = 7E2FED9E4C63E487C6E45806 /* Pods-MVVMRxSwift.release.xcconfig */;
			buildSettings = {
				ASSETCATALOG_COMPILER_APPICON_NAME = AppIcon;
				CODE_SIGN_STYLE = Automatic;
				DEVELOPMENT_TEAM = 9WVXMKT8E7;
				INFOPLIST_FILE = MVVMRxSwift/Info.plist;
				LD_RUNPATH_SEARCH_PATHS = (
					"$(inherited)",
					"@executable_path/Frameworks",
				);
				PRODUCT_BUNDLE_IDENTIFIER = Smarter.MVVMRxSwift;
				PRODUCT_NAME = "$(TARGET_NAME)";
				SWIFT_VERSION = 4.2;
				TARGETED_DEVICE_FAMILY = "1,2";
			};
			name = Release;
		};
		643D98BC215A3AA300A4EFA2 /* Debug */ = {
			isa = XCBuildConfiguration;
			baseConfigurationReference = 64BB29731EB6465DD05DA113 /* Pods-MVVMRxSwiftTests.debug.xcconfig */;
			buildSettings = {
				ALWAYS_EMBED_SWIFT_STANDARD_LIBRARIES = YES;
				BUNDLE_LOADER = "$(TEST_HOST)";
				CODE_SIGN_STYLE = Automatic;
				DEVELOPMENT_TEAM = 9WVXMKT8E7;
				INFOPLIST_FILE = MVVMRxSwiftTests/Info.plist;
				LD_RUNPATH_SEARCH_PATHS = (
					"$(inherited)",
					"@executable_path/Frameworks",
					"@loader_path/Frameworks",
				);
				PRODUCT_BUNDLE_IDENTIFIER = Smarter.MVVMRxSwiftTests;
				PRODUCT_NAME = "$(TARGET_NAME)";
				SWIFT_VERSION = 4.2;
				TARGETED_DEVICE_FAMILY = "1,2";
				TEST_HOST = "$(BUILT_PRODUCTS_DIR)/MVVMRxSwift.app/MVVMRxSwift";
			};
			name = Debug;
		};
		643D98BD215A3AA300A4EFA2 /* Release */ = {
			isa = XCBuildConfiguration;
			baseConfigurationReference = 45D6A2B9660E56B595665903 /* Pods-MVVMRxSwiftTests.release.xcconfig */;
			buildSettings = {
				ALWAYS_EMBED_SWIFT_STANDARD_LIBRARIES = YES;
				BUNDLE_LOADER = "$(TEST_HOST)";
				CODE_SIGN_STYLE = Automatic;
				DEVELOPMENT_TEAM = 9WVXMKT8E7;
				INFOPLIST_FILE = MVVMRxSwiftTests/Info.plist;
				LD_RUNPATH_SEARCH_PATHS = (
					"$(inherited)",
					"@executable_path/Frameworks",
					"@loader_path/Frameworks",
				);
				PRODUCT_BUNDLE_IDENTIFIER = Smarter.MVVMRxSwiftTests;
				PRODUCT_NAME = "$(TARGET_NAME)";
				SWIFT_VERSION = 4.2;
				TARGETED_DEVICE_FAMILY = "1,2";
				TEST_HOST = "$(BUILT_PRODUCTS_DIR)/MVVMRxSwift.app/MVVMRxSwift";
			};
			name = Release;
		};
		643D98BF215A3AA300A4EFA2 /* Debug */ = {
			isa = XCBuildConfiguration;
			baseConfigurationReference = D6BE7B943C5461F25464F50B /* Pods-MVVMRxSwiftUITests.debug.xcconfig */;
			buildSettings = {
				ALWAYS_EMBED_SWIFT_STANDARD_LIBRARIES = YES;
				CODE_SIGN_STYLE = Automatic;
				DEVELOPMENT_TEAM = 5LEQ4G2BEZ;
				INFOPLIST_FILE = MVVMRxSwiftUITests/Info.plist;
				LD_RUNPATH_SEARCH_PATHS = (
					"$(inherited)",
					"@executable_path/Frameworks",
					"@loader_path/Frameworks",
				);
				PRODUCT_BUNDLE_IDENTIFIER = Smarter.MVVMRxSwiftUITests;
				PRODUCT_NAME = "$(TARGET_NAME)";
				SWIFT_VERSION = 4.2;
				TARGETED_DEVICE_FAMILY = "1,2";
				TEST_TARGET_NAME = MVVMRxSwift;
			};
			name = Debug;
		};
		643D98C0215A3AA300A4EFA2 /* Release */ = {
			isa = XCBuildConfiguration;
			baseConfigurationReference = 4AEBEFA6A5A71237A295F5A7 /* Pods-MVVMRxSwiftUITests.release.xcconfig */;
			buildSettings = {
				ALWAYS_EMBED_SWIFT_STANDARD_LIBRARIES = YES;
				CODE_SIGN_STYLE = Automatic;
				DEVELOPMENT_TEAM = 5LEQ4G2BEZ;
				INFOPLIST_FILE = MVVMRxSwiftUITests/Info.plist;
				LD_RUNPATH_SEARCH_PATHS = (
					"$(inherited)",
					"@executable_path/Frameworks",
					"@loader_path/Frameworks",
				);
				PRODUCT_BUNDLE_IDENTIFIER = Smarter.MVVMRxSwiftUITests;
				PRODUCT_NAME = "$(TARGET_NAME)";
				SWIFT_VERSION = 4.2;
				TARGETED_DEVICE_FAMILY = "1,2";
				TEST_TARGET_NAME = MVVMRxSwift;
			};
			name = Release;
		};
/* End XCBuildConfiguration section */

/* Begin XCConfigurationList section */
		643D988B215A3AA100A4EFA2 /* Build configuration list for PBXProject "MVVMRxSwift" */ = {
			isa = XCConfigurationList;
			buildConfigurations = (
				643D98B6215A3AA300A4EFA2 /* Debug */,
				643D98B7215A3AA300A4EFA2 /* Release */,
			);
			defaultConfigurationIsVisible = 0;
			defaultConfigurationName = Release;
		};
		643D98B8215A3AA300A4EFA2 /* Build configuration list for PBXNativeTarget "MVVMRxSwift" */ = {
			isa = XCConfigurationList;
			buildConfigurations = (
				643D98B9215A3AA300A4EFA2 /* Debug */,
				643D98BA215A3AA300A4EFA2 /* Release */,
			);
			defaultConfigurationIsVisible = 0;
			defaultConfigurationName = Release;
		};
		643D98BB215A3AA300A4EFA2 /* Build configuration list for PBXNativeTarget "MVVMRxSwiftTests" */ = {
			isa = XCConfigurationList;
			buildConfigurations = (
				643D98BC215A3AA300A4EFA2 /* Debug */,
				643D98BD215A3AA300A4EFA2 /* Release */,
			);
			defaultConfigurationIsVisible = 0;
			defaultConfigurationName = Release;
		};
		643D98BE215A3AA300A4EFA2 /* Build configuration list for PBXNativeTarget "MVVMRxSwiftUITests" */ = {
			isa = XCConfigurationList;
			buildConfigurations = (
				643D98BF215A3AA300A4EFA2 /* Debug */,
				643D98C0215A3AA300A4EFA2 /* Release */,
			);
			defaultConfigurationIsVisible = 0;
			defaultConfigurationName = Release;
		};
/* End XCConfigurationList section */
	};
	rootObject = 643D9888215A3AA100A4EFA2 /* Project object */;
}
